
Microsoft Visual Studio Solution File, Format Version 12.00
# Visual Studio Version 17
VisualStudioVersion = 17.8.34309.116
MinimumVisualStudioVersion = 10.0.40219.1
Project("{8BC9CEB8-8B4A-11D0-8D11-00A0C91BC942}") = "Dll1", "Dll1\Dll1.vcxproj", "{AA39FE8B-DA5D-4B55-A5C9-3D9FDCF533F1}"
EndProject
Project("{8BC9CEB8-8B4A-11D0-8D11-00A0C91BC942}") = "InJect", "InJect\InJect.vcxproj", "{7345ED88-DCD2-491C-91A3-60C107ACC620}"
EndProject
Project("{8BC9CEB8-8B4A-11D0-8D11-00A0C91BC942}") = "int3", "int3\int3.vcxproj", "{679D30DB-77D9-4181-8ACE-69DCAE51475E}"
EndProject
Project("{8BC9CEB8-8B4A-11D0-8D11-00A0C91BC942}") = "GGxiugai", "GGxiugai\GGxiugai.vcxproj", "{D623476D-9E3E-4843-A116-E6F98250A80B}"
EndProject
Project("{8BC9CEB8-8B4A-11D0-8D11-00A0C91BC942}") = "lesson1", "lesson1\lesson1.vcxproj", "{D0579586-76EB-40EA-B42F-8BFC1D84DF24}"
EndProject
Project("{8BC9CEB8-8B4A-11D0-8D11-00A0C91BC942}") = "lesson2 Win32", "lesson2\lesson2.vcxproj", "{89F404F8-AFF8-4B99-A2BE-E106876CA2FE}"
EndProject
Project("{8BC9CEB8-8B4A-11D0-8D11-00A0C91BC942}") = "lesson3 MFC", "lesson3\lesson3.vcxproj", "{1DA89DB1-C270-48BE-902A-30044E116FCB}"
EndProject
Project("{8BC9CEB8-8B4A-11D0-8D11-00A0C91BC942}") = "lesson4", "lesson4\lesson4.vcxproj", "{02EEBC90-CEFB-40A7-A427-C92EC051123E}"
EndProject
Project("{8BC9CEB8-8B4A-11D0-8D11-00A0C91BC942}") = "lesson5", "lesson5\lesson5.vcxproj", "{B3122883-5BA8-4F37-9DB8-634492268E7E}"
EndProject
Project("{8BC9CEB8-8B4A-11D0-8D11-00A0C91BC942}") = "lesson6", "lesson6\lesson6.vcxproj", "{3D49BDB0-799B-4233-BC5E-E82E2ADD6C9D}"
EndProject
Project("{8BC9CEB8-8B4A-11D0-8D11-00A0C91BC942}") = "lesson7", "lesson7\lesson7.vcxproj", "{DB4A905C-B214-476E-86B9-7E6AE590D528}"
EndProject
Project("{8BC9CEB8-8B4A-11D0-8D11-00A0C91BC942}") = "lesson8", "lesson8\lesson8.vcxproj", "{5430307B-46DC-426F-8C32-4F9FB6D18465}"
EndProject
Project("{8BC9CEB8-8B4A-11D0-8D11-00A0C91BC942}") = "lesson9", "lesson9\lesson9.vcxproj", "{6908BE2D-4F0A-4719-8862-44F4B1BCC2ED}"
EndProject
Project("{8BC9CEB8-8B4A-11D0-8D11-00A0C91BC942}") = "lesson10", "lesson10\lesson10.vcxproj", "{BF3B9CF9-7379-48D2-A547-42DF45144D7E}"
EndProject
Project("{8BC9CEB8-8B4A-11D0-8D11-00A0C91BC942}") = "lesson11", "lesson11\lesson11.vcxproj", "{B6A53BA9-AE26-473B-A73D-20ADD37213D4}"
EndProject
Project("{8BC9CEB8-8B4A-11D0-8D11-00A0C91BC942}") = "lesson12", "lesson12\lesson12.vcxproj", "{DEA1C302-ABC0-4054-97CF-53551D5DCA68}"
EndProject
Project("{8BC9CEB8-8B4A-11D0-8D11-00A0C91BC942}") = "lesson13", "lesson13\lesson13.vcxproj", "{FECDC0B7-05FE-4C32-823A-1DD9F8A9D5F4}"
EndProject
Project("{8BC9CEB8-8B4A-11D0-8D11-00A0C91BC942}") = "lesson14", "lesson14\lesson14.vcxproj", "{D73FA1A7-4EB1-4BEC-8C7E-2571B512813C}"
EndProject
Project("{8BC9CEB8-8B4A-11D0-8D11-00A0C91BC942}") = "lesson15", "lesson15\lesson15.vcxproj", "{65337216-C515-48E7-A735-68691C642C4E}"
EndProject
Project("{8BC9CEB8-8B4A-11D0-8D11-00A0C91BC942}") = "lesson16", "lesson16\lesson16.vcxproj", "{636D0DDA-8E63-4E06-A166-E87D2ACE221C}"
EndProject
Project("{8BC9CEB8-8B4A-11D0-8D11-00A0C91BC942}") = "lesson17", "lesson17\lesson17.vcxproj", "{405C816C-BDF3-4ED0-B855-F2E505724015}"
EndProject
Project("{8BC9CEB8-8B4A-11D0-8D11-00A0C91BC942}") = "lesson18", "lesson18\lesson18.vcxproj", "{1AB3199F-F046-4ED0-9F6E-00441937C495}"
EndProject
Project("{8BC9CEB8-8B4A-11D0-8D11-00A0C91BC942}") = "lesson19", "lesson19\lesson19.vcxproj", "{9D609303-2003-4712-A262-98D79DDDE9BD}"
EndProject
Project("{8BC9CEB8-8B4A-11D0-8D11-00A0C91BC942}") = "lesson20", "lesson20\lesson20.vcxproj", "{8148E166-01B2-445B-AB65-42DAA84636E6}"
EndProject
Project("{8BC9CEB8-8B4A-11D0-8D11-00A0C91BC942}") = "lesson21", "lesson21\lesson21.vcxproj", "{8B41242A-F143-4E14-AD6F-D4946F68D492}"
EndProject
Project("{8BC9CEB8-8B4A-11D0-8D11-00A0C91BC942}") = "lesson22", "lesson22\lesson22.vcxproj", "{BE86C358-A058-4E50-931D-D96DDF5819B4}"
EndProject
Project("{8BC9CEB8-8B4A-11D0-8D11-00A0C91BC942}") = "lesson23", "lesson23\lesson23.vcxproj", "{925718E3-76C0-4E8E-B5AC-9509EBFE0E2B}"
EndProject
Project("{8BC9CEB8-8B4A-11D0-8D11-00A0C91BC942}") = "lesson24", "lesson24\lesson24.vcxproj", "{520EE3A0-34AE-44A4-B62E-D76A0D99FAF2}"
EndProject
Project("{8BC9CEB8-8B4A-11D0-8D11-00A0C91BC942}") = "lesson25", "lesson25\lesson25.vcxproj", "{A2BD38B1-5901-4080-BDA4-4AD1B50F4F10}"
EndProject
Project("{8BC9CEB8-8B4A-11D0-8D11-00A0C91BC942}") = "lesson26", "lesson26\lesson26.vcxproj", "{CCAC8E9E-9FBA-4D55-9865-AB6E144ADE41}"
EndProject
Project("{8BC9CEB8-8B4A-11D0-8D11-00A0C91BC942}") = "lesson27", "lesson27\lesson27.vcxproj", "{F50001C0-5811-4672-8B4B-FB23E6029C3C}"
EndProject
Project("{8BC9CEB8-8B4A-11D0-8D11-00A0C91BC942}") = "lesson28", "lesson28\lesson28.vcxproj", "{F7ABAA0B-564D-41AE-872F-CE68A2F24F0A}"
EndProject
Project("{8BC9CEB8-8B4A-11D0-8D11-00A0C91BC942}") = "lesson29", "lesson29\lesson29.vcxproj", "{5C99CAA6-12F7-445F-BB2A-DC6DA16115FC}"
EndProject
Project("{8BC9CEB8-8B4A-11D0-8D11-00A0C91BC942}") = "lesson30", "lesson30\lesson30.vcxproj", "{254D9690-2B6D-47AD-860A-8F5D6ADD154B}"
EndProject
Project("{8BC9CEB8-8B4A-11D0-8D11-00A0C91BC942}") = "lesson31", "lesson31\lesson31.vcxproj", "{30B96D5F-8205-46E2-B2A5-FDACADC65D1A}"
EndProject
Project("{8BC9CEB8-8B4A-11D0-8D11-00A0C91BC942}") = "lesson32", "lesson32\lesson32.vcxproj", "{1B5E7098-C3EB-4098-98B6-6D2FF8585A7C}"
EndProject
Project("{8BC9CEB8-8B4A-11D0-8D11-00A0C91BC942}") = "lesson33", "lesson33\lesson33.vcxproj", "{D616BED4-15BC-49A0-AA88-B790F9B651D1}"
EndProject
Project("{8BC9CEB8-8B4A-11D0-8D11-00A0C91BC942}") = "lesson34", "lesson34\lesson34.vcxproj", "{BBE9BEEE-3F2B-478B-BCBA-ECB4C3B0A486}"
EndProject
Project("{8BC9CEB8-8B4A-11D0-8D11-00A0C91BC942}") = "lesson35", "lesson35\lesson35.vcxproj", "{57F05C35-3DE6-4C2F-86E6-96AA102A93F7}"
EndProject
Project("{8BC9CEB8-8B4A-11D0-8D11-00A0C91BC942}") = "lesson36", "lesson36\lesson36.vcxproj", "{B3031589-C9E6-4CB0-A4A6-D5F46CEAE482}"
EndProject
Project("{8BC9CEB8-8B4A-11D0-8D11-00A0C91BC942}") = "lesson37", "lesson37\lesson37.vcxproj", "{1E6C0785-6369-4C49-AD53-99DC977329B4}"
EndProject
Project("{8BC9CEB8-8B4A-11D0-8D11-00A0C91BC942}") = "lesson38", "lesson38\lesson38.vcxproj", "{D2D3AAA8-393D-40A8-A5B8-0FB931D7EF64}"
EndProject
Project("{8BC9CEB8-8B4A-11D0-8D11-00A0C91BC942}") = "lesson39", "lesson39\lesson39.vcxproj", "{6272F531-01DF-4735-9B89-09B14D8C4722}"
EndProject
Project("{8BC9CEB8-8B4A-11D0-8D11-00A0C91BC942}") = "lesson40", "lesson40\lesson40.vcxproj", "{2C0058E0-C55F-4FE6-873B-AA4DCE080BD8}"
EndProject
Project("{8BC9CEB8-8B4A-11D0-8D11-00A0C91BC942}") = "lesson41", "lesson41\lesson41.vcxproj", "{D558ABA9-16E5-447A-AC17-9821B9105D38}"
EndProject
Project("{8BC9CEB8-8B4A-11D0-8D11-00A0C91BC942}") = "lesson42", "lesson42\lesson42.vcxproj", "{C9D4754D-236D-4E1A-8665-3278C7AE91FC}"
EndProject
Project("{8BC9CEB8-8B4A-11D0-8D11-00A0C91BC942}") = "lesson43 DLL启动时加载", "lesson43\lesson43.vcxproj", "{76B954AA-8030-428A-8953-504FD6A43980}"
EndProject
Project("{8BC9CEB8-8B4A-11D0-8D11-00A0C91BC942}") = "lesson44 DLL运行时加载", "lesson44\lesson44.vcxproj", "{9DBD9C13-8FCB-4DA1-B090-CB47593358B3}"
EndProject
Project("{8BC9CEB8-8B4A-11D0-8D11-00A0C91BC942}") = "lesson45", "lesson45\lesson45.vcxproj", "{005AE63E-312E-4BE0-AF81-81859523930A}"
EndProject
Project("{8BC9CEB8-8B4A-11D0-8D11-00A0C91BC942}") = "lesson46 MFC线程函数", "lesson46\lesson46.vcxproj", "{8769E771-27FF-4FA9-9289-2B6681F41825}"
EndProject
Project("{8BC9CEB8-8B4A-11D0-8D11-00A0C91BC942}") = "lesson47 MFC线程同步", "lesson47\lesson47.vcxproj", "{60C0767E-2196-459F-A4E9-8986DB67EBEF}"
EndProject
Project("{8BC9CEB8-8B4A-11D0-8D11-00A0C91BC942}") = "lesson48 WinDows的API创建子进程等", "lesson48\lesson48.vcxproj", "{388C75A5-3FAB-4254-BC52-27B7C3BE0D4A}"
EndProject
Project("{8BC9CEB8-8B4A-11D0-8D11-00A0C91BC942}") = "lesson49", "lesson49\lesson49.vcxproj", "{337D4023-6EDD-4B83-88A9-57276006AEAA}"
EndProject
Project("{8BC9CEB8-8B4A-11D0-8D11-00A0C91BC942}") = "lesson50", "lesson50\lesson50.vcxproj", "{CCFB2FAD-B689-405A-A1BF-E639B3EAC478}"
EndProject
Project("{8BC9CEB8-8B4A-11D0-8D11-00A0C91BC942}") = "lesson51", "lesson51\lesson51.vcxproj", "{002FFFD4-A1AE-41DB-A5DB-B9AF84F349FB}"
EndProject
Project("{8BC9CEB8-8B4A-11D0-8D11-00A0C91BC942}") = "GetExportedFunctionAddress", "test\test.vcxproj", "{2EF513A2-7823-4EB9-AA2A-1D4916C5C191}"
EndProject
Project("{8BC9CEB8-8B4A-11D0-8D11-00A0C91BC942}") = "lesson52", "lesson52\lesson52.vcxproj", "{84966071-D3FE-487D-A39D-9C8005C90D25}"
EndProject
Project("{8BC9CEB8-8B4A-11D0-8D11-00A0C91BC942}") = "lesson53 枚举进程和模块", "lesson53\lesson53.vcxproj", "{B8BBC726-9590-4D6C-9065-B82C7FD3E15B}"
EndProject
Project("{8BC9CEB8-8B4A-11D0-8D11-00A0C91BC942}") = "lesson54", "lesson54\lesson54.vcxproj", "{C06A7BE8-1C7D-4CA2-86D8-5B7FF7BC38C0}"
EndProject
Project("{8BC9CEB8-8B4A-11D0-8D11-00A0C91BC942}") = "lesson55 使用其他模块的导出函数", "lesson55\lesson55.vcxproj", "{50CAF252-8225-4618-931B-2BC85E11AA36}"
EndProject
Project("{8BC9CEB8-8B4A-11D0-8D11-00A0C91BC942}") = "lesson56 进程间通讯1", "lesson56\lesson56.vcxproj", "{DDCECD6A-DA71-4247-872D-C06C71AFD747}"
EndProject
Project("{8BC9CEB8-8B4A-11D0-8D11-00A0C91BC942}") = "lesson57", "lesson57\lesson57.vcxproj", "{E94D335B-5F4D-4906-BDDB-C78867F33937}"
EndProject
Project("{8BC9CEB8-8B4A-11D0-8D11-00A0C91BC942}") = "lesson58 进程间通讯2", "lesson58\lesson58.vcxproj", "{EC38E900-C9E4-47B5-9C62-26ED5DD9AFB4}"
EndProject
Project("{8BC9CEB8-8B4A-11D0-8D11-00A0C91BC942}") = "lesson59", "lesson59\lesson59.vcxproj", "{AE433DA9-1218-400D-BE31-16AE82816A10}"
EndProject
Project("{8BC9CEB8-8B4A-11D0-8D11-00A0C91BC942}") = "lesson60 进程间通讯3", "lesson60\lesson60.vcxproj", "{6EC327D7-EFD8-48F9-925F-F202CDADD890}"
EndProject
Project("{8BC9CEB8-8B4A-11D0-8D11-00A0C91BC942}") = "lesson61", "lesson61\lesson61.vcxproj", "{3B269803-31F5-4999-8B93-3F7AD8DDEE70}"
EndProject
Project("{8BC9CEB8-8B4A-11D0-8D11-00A0C91BC942}") = "lesson62 内存映射文件4", "lesson62\lesson62.vcxproj", "{0A7CF3F3-A407-48D7-8DAC-1DC1902F0A33}"
EndProject
Project("{8BC9CEB8-8B4A-11D0-8D11-00A0C91BC942}") = "lesson63", "lesson63\lesson63.vcxproj", "{CEE369D2-F8BB-4244-8C29-19ECDE2E8F55}"
EndProject
Project("{8BC9CEB8-8B4A-11D0-8D11-00A0C91BC942}") = "lesson64", "lesson64\lesson64.vcxproj", "{46FB5591-03CC-4AB4-8F4A-DEE30E9AC464}"
EndProject
Project("{8BC9CEB8-8B4A-11D0-8D11-00A0C91BC942}") = "lesson65", "lesson65\lesson65.vcxproj", "{39ED4640-5741-4764-8DE8-6E9AB93BB1FF}"
EndProject
Project("{8BC9CEB8-8B4A-11D0-8D11-00A0C91BC942}") = "lesson66", "lesson66\lesson66.vcxproj", "{A052D124-55EF-4453-994C-DC4041038925}"
EndProject
Project("{8BC9CEB8-8B4A-11D0-8D11-00A0C91BC942}") = "HOOK Function", "HOOK\HOOK.vcxproj", "{EAD730DD-D590-408E-B879-678AA6EEACAB}"
EndProject
Project("{8BC9CEB8-8B4A-11D0-8D11-00A0C91BC942}") = "Function pointer", "Function pointer\Function pointer.vcxproj", "{6A992813-E967-4578-9122-A9621930FA64}"
EndProject
Project("{8BC9CEB8-8B4A-11D0-8D11-00A0C91BC942}") = "lesson67 SocketTCP服务端", "lesson67\lesson67.vcxproj", "{F0CC3C58-AF89-4DA2-90DE-92ED00207C1F}"
EndProject
Project("{8BC9CEB8-8B4A-11D0-8D11-00A0C91BC942}") = "lesson67 SocketTCP客户端", "lesson67 SocketTCP客户端\lesson67 SocketTCP客户端.vcxproj", "{F7BE5D6C-ED0C-4C31-BD02-A29A83894EE6}"
EndProject
Project("{8BC9CEB8-8B4A-11D0-8D11-00A0C91BC942}") = "lesson68 SocketUDP服务端", "lesson68 SocketUDP服务端\lesson68 SocketUDP服务端.vcxproj", "{D61169E4-DD9A-4EB3-A838-5C7ED22FF97B}"
EndProject
Project("{8BC9CEB8-8B4A-11D0-8D11-00A0C91BC942}") = "lesson68 SocketUDP客户端", "lesson68 SocketUDP客户端\lesson68 SocketUDP客户端.vcxproj", "{802A47D6-0B5A-4759-B21C-59EADE3DFDE5}"
EndProject
Project("{8BC9CEB8-8B4A-11D0-8D11-00A0C91BC942}") = "lesson69", "lesson69\lesson69.vcxproj", "{42B615BE-16E6-44A8-8D8B-31A5CB702125}"
EndProject
Project("{8BC9CEB8-8B4A-11D0-8D11-00A0C91BC942}") = "lesson70", "lesson70\lesson70.vcxproj", "{1EB434F3-FC5D-4698-B26E-01CD6D9D06E3}"
EndProject
Project("{8BC9CEB8-8B4A-11D0-8D11-00A0C91BC942}") = "lesson71", "lesson71\lesson71.vcxproj", "{DF1D0289-7436-42C3-8FEE-7FD923FDC495}"
EndProject
Project("{8BC9CEB8-8B4A-11D0-8D11-00A0C91BC942}") = "lesson72 堆", "lesson72\lesson72.vcxproj", "{90B9BD9E-F51D-44EA-B5D9-96C960534CFF}"
EndProject
Project("{8BC9CEB8-8B4A-11D0-8D11-00A0C91BC942}") = "lesson73", "lesson73\lesson73.vcxproj", "{567F6DA9-A280-4C28-9526-769DF76CA5FF}"
EndProject
Project("{8BC9CEB8-8B4A-11D0-8D11-00A0C91BC942}") = "lesson74 虚拟内存", "lesson74\lesson74.vcxproj", "{B3E63C41-0DB6-441B-8A13-B4C8F921231F}"
EndProject
Project("{8BC9CEB8-8B4A-11D0-8D11-00A0C91BC942}") = "B1 CreateRemoteThread", "B1\B1.vcxproj", "{F0CC76A5-9EB9-4152-8344-ECE8FCE33239}"
EndProject
Project("{8BC9CEB8-8B4A-11D0-8D11-00A0C91BC942}") = "B2 线程", "B2\B2.vcxproj", "{5638E196-95BB-42EA-A5CD-96D11FF17998}"
EndProject
Project("{8BC9CEB8-8B4A-11D0-8D11-00A0C91BC942}") = "B3 原子锁", "B3\B3.vcxproj", "{61A7E720-8151-4952-899D-EEF4666E42B7}"
EndProject
Project("{8BC9CEB8-8B4A-11D0-8D11-00A0C91BC942}") = "B4 互斥", "B4\B4.vcxproj", "{CC34258D-CD26-4F3D-A1DA-35630210EB68}"
EndProject
Project("{8BC9CEB8-8B4A-11D0-8D11-00A0C91BC942}") = "B5 事件", "B5 事件\B5 事件.vcxproj", "{F72E639E-34C5-48A2-9E18-C7AFA2B7AB8A}"
EndProject
Project("{8BC9CEB8-8B4A-11D0-8D11-00A0C91BC942}") = "B6 信号量", "B6 信号量\B6 信号量.vcxproj", "{FA48B132-02E4-4B0A-9984-23DEFD6FCCD9}"
EndProject
Project("{8BC9CEB8-8B4A-11D0-8D11-00A0C91BC942}") = "B7 TLS", "B7\B7.vcxproj", "{12160DAF-5FE5-46D1-882B-59B4EED7068B}"
EndProject
Project("{8BC9CEB8-8B4A-11D0-8D11-00A0C91BC942}") = "A1", "A1\A1.vcxproj", "{E9DF2CEA-A6DF-4EEF-AF5D-DC9C7CBBF1AB}"
EndProject
Project("{8BC9CEB8-8B4A-11D0-8D11-00A0C91BC942}") = "B9-8", "B8-9\B8-9.vcxproj", "{90BEC50C-7327-4662-B20A-42565BE7DB56}"
EndProject
Project("{8BC9CEB8-8B4A-11D0-8D11-00A0C91BC942}") = "B9 SetWindowsHookExA", "B9\B9.vcxproj", "{25F1422A-ED29-4718-89F8-0CE5A70F4B08}"
EndProject
Project("{8BC9CEB8-8B4A-11D0-8D11-00A0C91BC942}") = "B10", "B10\B10.vcxproj", "{03FE979B-F994-490F-A28D-D365811C34DC}"
EndProject
Project("{8BC9CEB8-8B4A-11D0-8D11-00A0C91BC942}") = "窗口测试", "窗口测试\窗口测试.vcxproj", "{A874491C-BAE2-4D53-832B-AA0D0A76750E}"
EndProject
Project("{8BC9CEB8-8B4A-11D0-8D11-00A0C91BC942}") = "MFCDLL", "MFCDLL\MFCDLL.vcxproj", "{8955C1C2-10BC-4DD1-898C-21DD41D52FA9}"
EndProject
Project("{8BC9CEB8-8B4A-11D0-8D11-00A0C91BC942}") = "SEH异常处理", "汇编学习\汇编学习.vcxproj", "{07CE6FC8-B7EF-42F6-8560-91E15DFD285E}"
EndProject
Project("{8BC9CEB8-8B4A-11D0-8D11-00A0C91BC942}") = "SEH添加", "SEH添加\SEH添加.vcxproj", "{99125528-1423-478C-B881-CA92B1B53958}"
EndProject
Project("{8BC9CEB8-8B4A-11D0-8D11-00A0C91BC942}") = "VEH异常处理", "VEH异常处理\VEH异常处理.vcxproj", "{73FD1B83-8CEE-4BD9-8D51-6464B0BCF63D}"
EndProject
Project("{8BC9CEB8-8B4A-11D0-8D11-00A0C91BC942}") = "VEH  HOOK", "VEH  HOOK\VEH  HOOK.vcxproj", "{FD354ED4-298B-461D-8FE9-FB41A0602141}"
EndProject
Project("{8BC9CEB8-8B4A-11D0-8D11-00A0C91BC942}") = "枚举服务进程中VMware", "服务进程枚举\服务进程枚举.vcxproj", "{C7A5A580-53EF-4977-841E-5617C7563278}"
EndProject
Project("{8BC9CEB8-8B4A-11D0-8D11-00A0C91BC942}") = "关闭别的进程句柄", "关闭别的进程句柄\关闭别的进程句柄.vcxproj", "{ECD6F350-D8F7-40DA-AEED-8961A2C8287F}"
EndProject
Project("{8BC9CEB8-8B4A-11D0-8D11-00A0C91BC942}") = "反汇编", "反汇编\反汇编.vcxproj", "{5BB0E3A9-A19F-4344-8F85-EF12113AB49F}"
EndProject
Global
	GlobalSection(SolutionConfigurationPlatforms) = preSolution
		Debug|x64 = Debug|x64
		Debug|x86 = Debug|x86
		Release|x64 = Release|x64
		Release|x86 = Release|x86
	EndGlobalSection
	GlobalSection(ProjectConfigurationPlatforms) = postSolution
		{AA39FE8B-DA5D-4B55-A5C9-3D9FDCF533F1}.Debug|x64.ActiveCfg = Debug|x64
		{AA39FE8B-DA5D-4B55-A5C9-3D9FDCF533F1}.Debug|x64.Build.0 = Debug|x64
		{AA39FE8B-DA5D-4B55-A5C9-3D9FDCF533F1}.Debug|x86.ActiveCfg = Debug|Win32
		{AA39FE8B-DA5D-4B55-A5C9-3D9FDCF533F1}.Debug|x86.Build.0 = Debug|Win32
		{AA39FE8B-DA5D-4B55-A5C9-3D9FDCF533F1}.Release|x64.ActiveCfg = Release|x64
		{AA39FE8B-DA5D-4B55-A5C9-3D9FDCF533F1}.Release|x64.Build.0 = Release|x64
		{AA39FE8B-DA5D-4B55-A5C9-3D9FDCF533F1}.Release|x86.ActiveCfg = Release|Win32
		{AA39FE8B-DA5D-4B55-A5C9-3D9FDCF533F1}.Release|x86.Build.0 = Release|Win32
		{7345ED88-DCD2-491C-91A3-60C107ACC620}.Debug|x64.ActiveCfg = Debug|x64
		{7345ED88-DCD2-491C-91A3-60C107ACC620}.Debug|x64.Build.0 = Debug|x64
		{7345ED88-DCD2-491C-91A3-60C107ACC620}.Debug|x86.ActiveCfg = Debug|Win32
		{7345ED88-DCD2-491C-91A3-60C107ACC620}.Debug|x86.Build.0 = Debug|Win32
		{7345ED88-DCD2-491C-91A3-60C107ACC620}.Release|x64.ActiveCfg = Release|x64
		{7345ED88-DCD2-491C-91A3-60C107ACC620}.Release|x64.Build.0 = Release|x64
		{7345ED88-DCD2-491C-91A3-60C107ACC620}.Release|x86.ActiveCfg = Release|Win32
		{7345ED88-DCD2-491C-91A3-60C107ACC620}.Release|x86.Build.0 = Release|Win32
		{679D30DB-77D9-4181-8ACE-69DCAE51475E}.Debug|x64.ActiveCfg = Debug|x64
		{679D30DB-77D9-4181-8ACE-69DCAE51475E}.Debug|x64.Build.0 = Debug|x64
		{679D30DB-77D9-4181-8ACE-69DCAE51475E}.Debug|x86.ActiveCfg = Debug|Win32
		{679D30DB-77D9-4181-8ACE-69DCAE51475E}.Debug|x86.Build.0 = Debug|Win32
		{679D30DB-77D9-4181-8ACE-69DCAE51475E}.Release|x64.ActiveCfg = Release|x64
		{679D30DB-77D9-4181-8ACE-69DCAE51475E}.Release|x64.Build.0 = Release|x64
		{679D30DB-77D9-4181-8ACE-69DCAE51475E}.Release|x86.ActiveCfg = Release|Win32
		{679D30DB-77D9-4181-8ACE-69DCAE51475E}.Release|x86.Build.0 = Release|Win32
		{D623476D-9E3E-4843-A116-E6F98250A80B}.Debug|x64.ActiveCfg = Debug|x64
		{D623476D-9E3E-4843-A116-E6F98250A80B}.Debug|x64.Build.0 = Debug|x64
		{D623476D-9E3E-4843-A116-E6F98250A80B}.Debug|x86.ActiveCfg = Debug|Win32
		{D623476D-9E3E-4843-A116-E6F98250A80B}.Debug|x86.Build.0 = Debug|Win32
		{D623476D-9E3E-4843-A116-E6F98250A80B}.Release|x64.ActiveCfg = Release|x64
		{D623476D-9E3E-4843-A116-E6F98250A80B}.Release|x64.Build.0 = Release|x64
		{D623476D-9E3E-4843-A116-E6F98250A80B}.Release|x86.ActiveCfg = Release|Win32
		{D623476D-9E3E-4843-A116-E6F98250A80B}.Release|x86.Build.0 = Release|Win32
		{D0579586-76EB-40EA-B42F-8BFC1D84DF24}.Debug|x64.ActiveCfg = Debug|x64
		{D0579586-76EB-40EA-B42F-8BFC1D84DF24}.Debug|x64.Build.0 = Debug|x64
		{D0579586-76EB-40EA-B42F-8BFC1D84DF24}.Debug|x86.ActiveCfg = Debug|Win32
		{D0579586-76EB-40EA-B42F-8BFC1D84DF24}.Debug|x86.Build.0 = Debug|Win32
		{D0579586-76EB-40EA-B42F-8BFC1D84DF24}.Release|x64.ActiveCfg = Release|x64
		{D0579586-76EB-40EA-B42F-8BFC1D84DF24}.Release|x64.Build.0 = Release|x64
		{D0579586-76EB-40EA-B42F-8BFC1D84DF24}.Release|x86.ActiveCfg = Release|Win32
		{D0579586-76EB-40EA-B42F-8BFC1D84DF24}.Release|x86.Build.0 = Release|Win32
		{89F404F8-AFF8-4B99-A2BE-E106876CA2FE}.Debug|x64.ActiveCfg = Debug|x64
		{89F404F8-AFF8-4B99-A2BE-E106876CA2FE}.Debug|x64.Build.0 = Debug|x64
		{89F404F8-AFF8-4B99-A2BE-E106876CA2FE}.Debug|x86.ActiveCfg = Debug|Win32
		{89F404F8-AFF8-4B99-A2BE-E106876CA2FE}.Debug|x86.Build.0 = Debug|Win32
		{89F404F8-AFF8-4B99-A2BE-E106876CA2FE}.Release|x64.ActiveCfg = Release|x64
		{89F404F8-AFF8-4B99-A2BE-E106876CA2FE}.Release|x64.Build.0 = Release|x64
		{89F404F8-AFF8-4B99-A2BE-E106876CA2FE}.Release|x86.ActiveCfg = Release|Win32
		{89F404F8-AFF8-4B99-A2BE-E106876CA2FE}.Release|x86.Build.0 = Release|Win32
		{1DA89DB1-C270-48BE-902A-30044E116FCB}.Debug|x64.ActiveCfg = Debug|x64
		{1DA89DB1-C270-48BE-902A-30044E116FCB}.Debug|x64.Build.0 = Debug|x64
		{1DA89DB1-C270-48BE-902A-30044E116FCB}.Debug|x86.ActiveCfg = Debug|Win32
		{1DA89DB1-C270-48BE-902A-30044E116FCB}.Debug|x86.Build.0 = Debug|Win32
		{1DA89DB1-C270-48BE-902A-30044E116FCB}.Release|x64.ActiveCfg = Release|x64
		{1DA89DB1-C270-48BE-902A-30044E116FCB}.Release|x64.Build.0 = Release|x64
		{1DA89DB1-C270-48BE-902A-30044E116FCB}.Release|x86.ActiveCfg = Release|Win32
		{1DA89DB1-C270-48BE-902A-30044E116FCB}.Release|x86.Build.0 = Release|Win32
		{02EEBC90-CEFB-40A7-A427-C92EC051123E}.Debug|x64.ActiveCfg = Debug|x64
		{02EEBC90-CEFB-40A7-A427-C92EC051123E}.Debug|x64.Build.0 = Debug|x64
		{02EEBC90-CEFB-40A7-A427-C92EC051123E}.Debug|x86.ActiveCfg = Debug|Win32
		{02EEBC90-CEFB-40A7-A427-C92EC051123E}.Debug|x86.Build.0 = Debug|Win32
		{02EEBC90-CEFB-40A7-A427-C92EC051123E}.Release|x64.ActiveCfg = Release|x64
		{02EEBC90-CEFB-40A7-A427-C92EC051123E}.Release|x64.Build.0 = Release|x64
		{02EEBC90-CEFB-40A7-A427-C92EC051123E}.Release|x86.ActiveCfg = Release|Win32
		{02EEBC90-CEFB-40A7-A427-C92EC051123E}.Release|x86.Build.0 = Release|Win32
		{B3122883-5BA8-4F37-9DB8-634492268E7E}.Debug|x64.ActiveCfg = Debug|x64
		{B3122883-5BA8-4F37-9DB8-634492268E7E}.Debug|x64.Build.0 = Debug|x64
		{B3122883-5BA8-4F37-9DB8-634492268E7E}.Debug|x86.ActiveCfg = Debug|Win32
		{B3122883-5BA8-4F37-9DB8-634492268E7E}.Debug|x86.Build.0 = Debug|Win32
		{B3122883-5BA8-4F37-9DB8-634492268E7E}.Release|x64.ActiveCfg = Release|x64
		{B3122883-5BA8-4F37-9DB8-634492268E7E}.Release|x64.Build.0 = Release|x64
		{B3122883-5BA8-4F37-9DB8-634492268E7E}.Release|x86.ActiveCfg = Release|Win32
		{B3122883-5BA8-4F37-9DB8-634492268E7E}.Release|x86.Build.0 = Release|Win32
		{3D49BDB0-799B-4233-BC5E-E82E2ADD6C9D}.Debug|x64.ActiveCfg = Debug|x64
		{3D49BDB0-799B-4233-BC5E-E82E2ADD6C9D}.Debug|x64.Build.0 = Debug|x64
		{3D49BDB0-799B-4233-BC5E-E82E2ADD6C9D}.Debug|x86.ActiveCfg = Debug|Win32
		{3D49BDB0-799B-4233-BC5E-E82E2ADD6C9D}.Debug|x86.Build.0 = Debug|Win32
		{3D49BDB0-799B-4233-BC5E-E82E2ADD6C9D}.Release|x64.ActiveCfg = Release|x64
		{3D49BDB0-799B-4233-BC5E-E82E2ADD6C9D}.Release|x64.Build.0 = Release|x64
		{3D49BDB0-799B-4233-BC5E-E82E2ADD6C9D}.Release|x86.ActiveCfg = Release|Win32
		{3D49BDB0-799B-4233-BC5E-E82E2ADD6C9D}.Release|x86.Build.0 = Release|Win32
		{DB4A905C-B214-476E-86B9-7E6AE590D528}.Debug|x64.ActiveCfg = Debug|x64
		{DB4A905C-B214-476E-86B9-7E6AE590D528}.Debug|x64.Build.0 = Debug|x64
		{DB4A905C-B214-476E-86B9-7E6AE590D528}.Debug|x86.ActiveCfg = Debug|Win32
		{DB4A905C-B214-476E-86B9-7E6AE590D528}.Debug|x86.Build.0 = Debug|Win32
		{DB4A905C-B214-476E-86B9-7E6AE590D528}.Release|x64.ActiveCfg = Release|x64
		{DB4A905C-B214-476E-86B9-7E6AE590D528}.Release|x64.Build.0 = Release|x64
		{DB4A905C-B214-476E-86B9-7E6AE590D528}.Release|x86.ActiveCfg = Release|Win32
		{DB4A905C-B214-476E-86B9-7E6AE590D528}.Release|x86.Build.0 = Release|Win32
		{5430307B-46DC-426F-8C32-4F9FB6D18465}.Debug|x64.ActiveCfg = Debug|x64
		{5430307B-46DC-426F-8C32-4F9FB6D18465}.Debug|x64.Build.0 = Debug|x64
		{5430307B-46DC-426F-8C32-4F9FB6D18465}.Debug|x86.ActiveCfg = Debug|Win32
		{5430307B-46DC-426F-8C32-4F9FB6D18465}.Debug|x86.Build.0 = Debug|Win32
		{5430307B-46DC-426F-8C32-4F9FB6D18465}.Release|x64.ActiveCfg = Release|x64
		{5430307B-46DC-426F-8C32-4F9FB6D18465}.Release|x64.Build.0 = Release|x64
		{5430307B-46DC-426F-8C32-4F9FB6D18465}.Release|x86.ActiveCfg = Release|Win32
		{5430307B-46DC-426F-8C32-4F9FB6D18465}.Release|x86.Build.0 = Release|Win32
		{6908BE2D-4F0A-4719-8862-44F4B1BCC2ED}.Debug|x64.ActiveCfg = Debug|x64
		{6908BE2D-4F0A-4719-8862-44F4B1BCC2ED}.Debug|x64.Build.0 = Debug|x64
		{6908BE2D-4F0A-4719-8862-44F4B1BCC2ED}.Debug|x86.ActiveCfg = Debug|Win32
		{6908BE2D-4F0A-4719-8862-44F4B1BCC2ED}.Debug|x86.Build.0 = Debug|Win32
		{6908BE2D-4F0A-4719-8862-44F4B1BCC2ED}.Release|x64.ActiveCfg = Release|x64
		{6908BE2D-4F0A-4719-8862-44F4B1BCC2ED}.Release|x64.Build.0 = Release|x64
		{6908BE2D-4F0A-4719-8862-44F4B1BCC2ED}.Release|x86.ActiveCfg = Release|Win32
		{6908BE2D-4F0A-4719-8862-44F4B1BCC2ED}.Release|x86.Build.0 = Release|Win32
		{BF3B9CF9-7379-48D2-A547-42DF45144D7E}.Debug|x64.ActiveCfg = Debug|x64
		{BF3B9CF9-7379-48D2-A547-42DF45144D7E}.Debug|x64.Build.0 = Debug|x64
		{BF3B9CF9-7379-48D2-A547-42DF45144D7E}.Debug|x86.ActiveCfg = Debug|Win32
		{BF3B9CF9-7379-48D2-A547-42DF45144D7E}.Debug|x86.Build.0 = Debug|Win32
		{BF3B9CF9-7379-48D2-A547-42DF45144D7E}.Release|x64.ActiveCfg = Release|x64
		{BF3B9CF9-7379-48D2-A547-42DF45144D7E}.Release|x64.Build.0 = Release|x64
		{BF3B9CF9-7379-48D2-A547-42DF45144D7E}.Release|x86.ActiveCfg = Release|Win32
		{BF3B9CF9-7379-48D2-A547-42DF45144D7E}.Release|x86.Build.0 = Release|Win32
		{B6A53BA9-AE26-473B-A73D-20ADD37213D4}.Debug|x64.ActiveCfg = Debug|x64
		{B6A53BA9-AE26-473B-A73D-20ADD37213D4}.Debug|x64.Build.0 = Debug|x64
		{B6A53BA9-AE26-473B-A73D-20ADD37213D4}.Debug|x86.ActiveCfg = Debug|Win32
		{B6A53BA9-AE26-473B-A73D-20ADD37213D4}.Debug|x86.Build.0 = Debug|Win32
		{B6A53BA9-AE26-473B-A73D-20ADD37213D4}.Release|x64.ActiveCfg = Release|x64
		{B6A53BA9-AE26-473B-A73D-20ADD37213D4}.Release|x64.Build.0 = Release|x64
		{B6A53BA9-AE26-473B-A73D-20ADD37213D4}.Release|x86.ActiveCfg = Release|Win32
		{B6A53BA9-AE26-473B-A73D-20ADD37213D4}.Release|x86.Build.0 = Release|Win32
		{DEA1C302-ABC0-4054-97CF-53551D5DCA68}.Debug|x64.ActiveCfg = Debug|x64
		{DEA1C302-ABC0-4054-97CF-53551D5DCA68}.Debug|x64.Build.0 = Debug|x64
		{DEA1C302-ABC0-4054-97CF-53551D5DCA68}.Debug|x86.ActiveCfg = Debug|Win32
		{DEA1C302-ABC0-4054-97CF-53551D5DCA68}.Debug|x86.Build.0 = Debug|Win32
		{DEA1C302-ABC0-4054-97CF-53551D5DCA68}.Release|x64.ActiveCfg = Release|x64
		{DEA1C302-ABC0-4054-97CF-53551D5DCA68}.Release|x64.Build.0 = Release|x64
		{DEA1C302-ABC0-4054-97CF-53551D5DCA68}.Release|x86.ActiveCfg = Release|Win32
		{DEA1C302-ABC0-4054-97CF-53551D5DCA68}.Release|x86.Build.0 = Release|Win32
		{FECDC0B7-05FE-4C32-823A-1DD9F8A9D5F4}.Debug|x64.ActiveCfg = Debug|x64
		{FECDC0B7-05FE-4C32-823A-1DD9F8A9D5F4}.Debug|x64.Build.0 = Debug|x64
		{FECDC0B7-05FE-4C32-823A-1DD9F8A9D5F4}.Debug|x86.ActiveCfg = Debug|Win32
		{FECDC0B7-05FE-4C32-823A-1DD9F8A9D5F4}.Debug|x86.Build.0 = Debug|Win32
		{FECDC0B7-05FE-4C32-823A-1DD9F8A9D5F4}.Release|x64.ActiveCfg = Release|x64
		{FECDC0B7-05FE-4C32-823A-1DD9F8A9D5F4}.Release|x64.Build.0 = Release|x64
		{FECDC0B7-05FE-4C32-823A-1DD9F8A9D5F4}.Release|x86.ActiveCfg = Release|Win32
		{FECDC0B7-05FE-4C32-823A-1DD9F8A9D5F4}.Release|x86.Build.0 = Release|Win32
		{D73FA1A7-4EB1-4BEC-8C7E-2571B512813C}.Debug|x64.ActiveCfg = Debug|x64
		{D73FA1A7-4EB1-4BEC-8C7E-2571B512813C}.Debug|x64.Build.0 = Debug|x64
		{D73FA1A7-4EB1-4BEC-8C7E-2571B512813C}.Debug|x86.ActiveCfg = Debug|Win32
		{D73FA1A7-4EB1-4BEC-8C7E-2571B512813C}.Debug|x86.Build.0 = Debug|Win32
		{D73FA1A7-4EB1-4BEC-8C7E-2571B512813C}.Release|x64.ActiveCfg = Release|x64
		{D73FA1A7-4EB1-4BEC-8C7E-2571B512813C}.Release|x64.Build.0 = Release|x64
		{D73FA1A7-4EB1-4BEC-8C7E-2571B512813C}.Release|x86.ActiveCfg = Release|Win32
		{D73FA1A7-4EB1-4BEC-8C7E-2571B512813C}.Release|x86.Build.0 = Release|Win32
		{65337216-C515-48E7-A735-68691C642C4E}.Debug|x64.ActiveCfg = Debug|x64
		{65337216-C515-48E7-A735-68691C642C4E}.Debug|x64.Build.0 = Debug|x64
		{65337216-C515-48E7-A735-68691C642C4E}.Debug|x86.ActiveCfg = Debug|Win32
		{65337216-C515-48E7-A735-68691C642C4E}.Debug|x86.Build.0 = Debug|Win32
		{65337216-C515-48E7-A735-68691C642C4E}.Release|x64.ActiveCfg = Release|x64
		{65337216-C515-48E7-A735-68691C642C4E}.Release|x64.Build.0 = Release|x64
		{65337216-C515-48E7-A735-68691C642C4E}.Release|x86.ActiveCfg = Release|Win32
		{65337216-C515-48E7-A735-68691C642C4E}.Release|x86.Build.0 = Release|Win32
		{636D0DDA-8E63-4E06-A166-E87D2ACE221C}.Debug|x64.ActiveCfg = Debug|x64
		{636D0DDA-8E63-4E06-A166-E87D2ACE221C}.Debug|x64.Build.0 = Debug|x64
		{636D0DDA-8E63-4E06-A166-E87D2ACE221C}.Debug|x86.ActiveCfg = Debug|Win32
		{636D0DDA-8E63-4E06-A166-E87D2ACE221C}.Debug|x86.Build.0 = Debug|Win32
		{636D0DDA-8E63-4E06-A166-E87D2ACE221C}.Release|x64.ActiveCfg = Release|x64
		{636D0DDA-8E63-4E06-A166-E87D2ACE221C}.Release|x64.Build.0 = Release|x64
		{636D0DDA-8E63-4E06-A166-E87D2ACE221C}.Release|x86.ActiveCfg = Release|Win32
		{636D0DDA-8E63-4E06-A166-E87D2ACE221C}.Release|x86.Build.0 = Release|Win32
		{405C816C-BDF3-4ED0-B855-F2E505724015}.Debug|x64.ActiveCfg = Debug|x64
		{405C816C-BDF3-4ED0-B855-F2E505724015}.Debug|x64.Build.0 = Debug|x64
		{405C816C-BDF3-4ED0-B855-F2E505724015}.Debug|x86.ActiveCfg = Debug|Win32
		{405C816C-BDF3-4ED0-B855-F2E505724015}.Debug|x86.Build.0 = Debug|Win32
		{405C816C-BDF3-4ED0-B855-F2E505724015}.Release|x64.ActiveCfg = Release|x64
		{405C816C-BDF3-4ED0-B855-F2E505724015}.Release|x64.Build.0 = Release|x64
		{405C816C-BDF3-4ED0-B855-F2E505724015}.Release|x86.ActiveCfg = Release|Win32
		{405C816C-BDF3-4ED0-B855-F2E505724015}.Release|x86.Build.0 = Release|Win32
		{1AB3199F-F046-4ED0-9F6E-00441937C495}.Debug|x64.ActiveCfg = Debug|x64
		{1AB3199F-F046-4ED0-9F6E-00441937C495}.Debug|x64.Build.0 = Debug|x64
		{1AB3199F-F046-4ED0-9F6E-00441937C495}.Debug|x86.ActiveCfg = Debug|Win32
		{1AB3199F-F046-4ED0-9F6E-00441937C495}.Debug|x86.Build.0 = Debug|Win32
		{1AB3199F-F046-4ED0-9F6E-00441937C495}.Release|x64.ActiveCfg = Release|x64
		{1AB3199F-F046-4ED0-9F6E-00441937C495}.Release|x64.Build.0 = Release|x64
		{1AB3199F-F046-4ED0-9F6E-00441937C495}.Release|x86.ActiveCfg = Release|Win32
		{1AB3199F-F046-4ED0-9F6E-00441937C495}.Release|x86.Build.0 = Release|Win32
		{9D609303-2003-4712-A262-98D79DDDE9BD}.Debug|x64.ActiveCfg = Debug|x64
		{9D609303-2003-4712-A262-98D79DDDE9BD}.Debug|x64.Build.0 = Debug|x64
		{9D609303-2003-4712-A262-98D79DDDE9BD}.Debug|x86.ActiveCfg = Debug|Win32
		{9D609303-2003-4712-A262-98D79DDDE9BD}.Debug|x86.Build.0 = Debug|Win32
		{9D609303-2003-4712-A262-98D79DDDE9BD}.Release|x64.ActiveCfg = Release|x64
		{9D609303-2003-4712-A262-98D79DDDE9BD}.Release|x64.Build.0 = Release|x64
		{9D609303-2003-4712-A262-98D79DDDE9BD}.Release|x86.ActiveCfg = Release|Win32
		{9D609303-2003-4712-A262-98D79DDDE9BD}.Release|x86.Build.0 = Release|Win32
		{8148E166-01B2-445B-AB65-42DAA84636E6}.Debug|x64.ActiveCfg = Debug|x64
		{8148E166-01B2-445B-AB65-42DAA84636E6}.Debug|x64.Build.0 = Debug|x64
		{8148E166-01B2-445B-AB65-42DAA84636E6}.Debug|x86.ActiveCfg = Debug|Win32
		{8148E166-01B2-445B-AB65-42DAA84636E6}.Debug|x86.Build.0 = Debug|Win32
		{8148E166-01B2-445B-AB65-42DAA84636E6}.Release|x64.ActiveCfg = Release|x64
		{8148E166-01B2-445B-AB65-42DAA84636E6}.Release|x64.Build.0 = Release|x64
		{8148E166-01B2-445B-AB65-42DAA84636E6}.Release|x86.ActiveCfg = Release|Win32
		{8148E166-01B2-445B-AB65-42DAA84636E6}.Release|x86.Build.0 = Release|Win32
		{8B41242A-F143-4E14-AD6F-D4946F68D492}.Debug|x64.ActiveCfg = Debug|x64
		{8B41242A-F143-4E14-AD6F-D4946F68D492}.Debug|x64.Build.0 = Debug|x64
		{8B41242A-F143-4E14-AD6F-D4946F68D492}.Debug|x86.ActiveCfg = Debug|Win32
		{8B41242A-F143-4E14-AD6F-D4946F68D492}.Debug|x86.Build.0 = Debug|Win32
		{8B41242A-F143-4E14-AD6F-D4946F68D492}.Release|x64.ActiveCfg = Release|x64
		{8B41242A-F143-4E14-AD6F-D4946F68D492}.Release|x64.Build.0 = Release|x64
		{8B41242A-F143-4E14-AD6F-D4946F68D492}.Release|x86.ActiveCfg = Release|Win32
		{8B41242A-F143-4E14-AD6F-D4946F68D492}.Release|x86.Build.0 = Release|Win32
		{BE86C358-A058-4E50-931D-D96DDF5819B4}.Debug|x64.ActiveCfg = Debug|x64
		{BE86C358-A058-4E50-931D-D96DDF5819B4}.Debug|x64.Build.0 = Debug|x64
		{BE86C358-A058-4E50-931D-D96DDF5819B4}.Debug|x86.ActiveCfg = Debug|Win32
		{BE86C358-A058-4E50-931D-D96DDF5819B4}.Debug|x86.Build.0 = Debug|Win32
		{BE86C358-A058-4E50-931D-D96DDF5819B4}.Release|x64.ActiveCfg = Release|x64
		{BE86C358-A058-4E50-931D-D96DDF5819B4}.Release|x64.Build.0 = Release|x64
		{BE86C358-A058-4E50-931D-D96DDF5819B4}.Release|x86.ActiveCfg = Release|Win32
		{BE86C358-A058-4E50-931D-D96DDF5819B4}.Release|x86.Build.0 = Release|Win32
		{925718E3-76C0-4E8E-B5AC-9509EBFE0E2B}.Debug|x64.ActiveCfg = Debug|x64
		{925718E3-76C0-4E8E-B5AC-9509EBFE0E2B}.Debug|x64.Build.0 = Debug|x64
		{925718E3-76C0-4E8E-B5AC-9509EBFE0E2B}.Debug|x86.ActiveCfg = Debug|Win32
		{925718E3-76C0-4E8E-B5AC-9509EBFE0E2B}.Debug|x86.Build.0 = Debug|Win32
		{925718E3-76C0-4E8E-B5AC-9509EBFE0E2B}.Release|x64.ActiveCfg = Release|x64
		{925718E3-76C0-4E8E-B5AC-9509EBFE0E2B}.Release|x64.Build.0 = Release|x64
		{925718E3-76C0-4E8E-B5AC-9509EBFE0E2B}.Release|x86.ActiveCfg = Release|Win32
		{925718E3-76C0-4E8E-B5AC-9509EBFE0E2B}.Release|x86.Build.0 = Release|Win32
		{520EE3A0-34AE-44A4-B62E-D76A0D99FAF2}.Debug|x64.ActiveCfg = Debug|x64
		{520EE3A0-34AE-44A4-B62E-D76A0D99FAF2}.Debug|x64.Build.0 = Debug|x64
		{520EE3A0-34AE-44A4-B62E-D76A0D99FAF2}.Debug|x86.ActiveCfg = Debug|Win32
		{520EE3A0-34AE-44A4-B62E-D76A0D99FAF2}.Debug|x86.Build.0 = Debug|Win32
		{520EE3A0-34AE-44A4-B62E-D76A0D99FAF2}.Release|x64.ActiveCfg = Release|x64
		{520EE3A0-34AE-44A4-B62E-D76A0D99FAF2}.Release|x64.Build.0 = Release|x64
		{520EE3A0-34AE-44A4-B62E-D76A0D99FAF2}.Release|x86.ActiveCfg = Release|Win32
		{520EE3A0-34AE-44A4-B62E-D76A0D99FAF2}.Release|x86.Build.0 = Release|Win32
		{A2BD38B1-5901-4080-BDA4-4AD1B50F4F10}.Debug|x64.ActiveCfg = Debug|x64
		{A2BD38B1-5901-4080-BDA4-4AD1B50F4F10}.Debug|x64.Build.0 = Debug|x64
		{A2BD38B1-5901-4080-BDA4-4AD1B50F4F10}.Debug|x86.ActiveCfg = Debug|Win32
		{A2BD38B1-5901-4080-BDA4-4AD1B50F4F10}.Debug|x86.Build.0 = Debug|Win32
		{A2BD38B1-5901-4080-BDA4-4AD1B50F4F10}.Release|x64.ActiveCfg = Release|x64
		{A2BD38B1-5901-4080-BDA4-4AD1B50F4F10}.Release|x64.Build.0 = Release|x64
		{A2BD38B1-5901-4080-BDA4-4AD1B50F4F10}.Release|x86.ActiveCfg = Release|Win32
		{A2BD38B1-5901-4080-BDA4-4AD1B50F4F10}.Release|x86.Build.0 = Release|Win32
		{CCAC8E9E-9FBA-4D55-9865-AB6E144ADE41}.Debug|x64.ActiveCfg = Debug|x64
		{CCAC8E9E-9FBA-4D55-9865-AB6E144ADE41}.Debug|x64.Build.0 = Debug|x64
		{CCAC8E9E-9FBA-4D55-9865-AB6E144ADE41}.Debug|x86.ActiveCfg = Debug|Win32
		{CCAC8E9E-9FBA-4D55-9865-AB6E144ADE41}.Debug|x86.Build.0 = Debug|Win32
		{CCAC8E9E-9FBA-4D55-9865-AB6E144ADE41}.Release|x64.ActiveCfg = Release|x64
		{CCAC8E9E-9FBA-4D55-9865-AB6E144ADE41}.Release|x64.Build.0 = Release|x64
		{CCAC8E9E-9FBA-4D55-9865-AB6E144ADE41}.Release|x86.ActiveCfg = Release|Win32
		{CCAC8E9E-9FBA-4D55-9865-AB6E144ADE41}.Release|x86.Build.0 = Release|Win32
		{F50001C0-5811-4672-8B4B-FB23E6029C3C}.Debug|x64.ActiveCfg = Debug|x64
		{F50001C0-5811-4672-8B4B-FB23E6029C3C}.Debug|x64.Build.0 = Debug|x64
		{F50001C0-5811-4672-8B4B-FB23E6029C3C}.Debug|x86.ActiveCfg = Debug|Win32
		{F50001C0-5811-4672-8B4B-FB23E6029C3C}.Debug|x86.Build.0 = Debug|Win32
		{F50001C0-5811-4672-8B4B-FB23E6029C3C}.Release|x64.ActiveCfg = Release|x64
		{F50001C0-5811-4672-8B4B-FB23E6029C3C}.Release|x64.Build.0 = Release|x64
		{F50001C0-5811-4672-8B4B-FB23E6029C3C}.Release|x86.ActiveCfg = Release|Win32
		{F50001C0-5811-4672-8B4B-FB23E6029C3C}.Release|x86.Build.0 = Release|Win32
		{F7ABAA0B-564D-41AE-872F-CE68A2F24F0A}.Debug|x64.ActiveCfg = Debug|x64
		{F7ABAA0B-564D-41AE-872F-CE68A2F24F0A}.Debug|x64.Build.0 = Debug|x64
		{F7ABAA0B-564D-41AE-872F-CE68A2F24F0A}.Debug|x86.ActiveCfg = Debug|Win32
		{F7ABAA0B-564D-41AE-872F-CE68A2F24F0A}.Debug|x86.Build.0 = Debug|Win32
		{F7ABAA0B-564D-41AE-872F-CE68A2F24F0A}.Release|x64.ActiveCfg = Release|x64
		{F7ABAA0B-564D-41AE-872F-CE68A2F24F0A}.Release|x64.Build.0 = Release|x64
		{F7ABAA0B-564D-41AE-872F-CE68A2F24F0A}.Release|x86.ActiveCfg = Release|Win32
		{F7ABAA0B-564D-41AE-872F-CE68A2F24F0A}.Release|x86.Build.0 = Release|Win32
		{5C99CAA6-12F7-445F-BB2A-DC6DA16115FC}.Debug|x64.ActiveCfg = Debug|x64
		{5C99CAA6-12F7-445F-BB2A-DC6DA16115FC}.Debug|x64.Build.0 = Debug|x64
		{5C99CAA6-12F7-445F-BB2A-DC6DA16115FC}.Debug|x86.ActiveCfg = Debug|Win32
		{5C99CAA6-12F7-445F-BB2A-DC6DA16115FC}.Debug|x86.Build.0 = Debug|Win32
		{5C99CAA6-12F7-445F-BB2A-DC6DA16115FC}.Release|x64.ActiveCfg = Release|x64
		{5C99CAA6-12F7-445F-BB2A-DC6DA16115FC}.Release|x64.Build.0 = Release|x64
		{5C99CAA6-12F7-445F-BB2A-DC6DA16115FC}.Release|x86.ActiveCfg = Release|Win32
		{5C99CAA6-12F7-445F-BB2A-DC6DA16115FC}.Release|x86.Build.0 = Release|Win32
		{254D9690-2B6D-47AD-860A-8F5D6ADD154B}.Debug|x64.ActiveCfg = Debug|x64
		{254D9690-2B6D-47AD-860A-8F5D6ADD154B}.Debug|x64.Build.0 = Debug|x64
		{254D9690-2B6D-47AD-860A-8F5D6ADD154B}.Debug|x86.ActiveCfg = Debug|Win32
		{254D9690-2B6D-47AD-860A-8F5D6ADD154B}.Debug|x86.Build.0 = Debug|Win32
		{254D9690-2B6D-47AD-860A-8F5D6ADD154B}.Release|x64.ActiveCfg = Release|x64
		{254D9690-2B6D-47AD-860A-8F5D6ADD154B}.Release|x64.Build.0 = Release|x64
		{254D9690-2B6D-47AD-860A-8F5D6ADD154B}.Release|x86.ActiveCfg = Release|Win32
		{254D9690-2B6D-47AD-860A-8F5D6ADD154B}.Release|x86.Build.0 = Release|Win32
		{30B96D5F-8205-46E2-B2A5-FDACADC65D1A}.Debug|x64.ActiveCfg = Debug|x64
		{30B96D5F-8205-46E2-B2A5-FDACADC65D1A}.Debug|x64.Build.0 = Debug|x64
		{30B96D5F-8205-46E2-B2A5-FDACADC65D1A}.Debug|x86.ActiveCfg = Debug|Win32
		{30B96D5F-8205-46E2-B2A5-FDACADC65D1A}.Debug|x86.Build.0 = Debug|Win32
		{30B96D5F-8205-46E2-B2A5-FDACADC65D1A}.Release|x64.ActiveCfg = Release|x64
		{30B96D5F-8205-46E2-B2A5-FDACADC65D1A}.Release|x64.Build.0 = Release|x64
		{30B96D5F-8205-46E2-B2A5-FDACADC65D1A}.Release|x86.ActiveCfg = Release|Win32
		{30B96D5F-8205-46E2-B2A5-FDACADC65D1A}.Release|x86.Build.0 = Release|Win32
		{1B5E7098-C3EB-4098-98B6-6D2FF8585A7C}.Debug|x64.ActiveCfg = Debug|x64
		{1B5E7098-C3EB-4098-98B6-6D2FF8585A7C}.Debug|x64.Build.0 = Debug|x64
		{1B5E7098-C3EB-4098-98B6-6D2FF8585A7C}.Debug|x86.ActiveCfg = Debug|Win32
		{1B5E7098-C3EB-4098-98B6-6D2FF8585A7C}.Debug|x86.Build.0 = Debug|Win32
		{1B5E7098-C3EB-4098-98B6-6D2FF8585A7C}.Release|x64.ActiveCfg = Release|x64
		{1B5E7098-C3EB-4098-98B6-6D2FF8585A7C}.Release|x64.Build.0 = Release|x64
		{1B5E7098-C3EB-4098-98B6-6D2FF8585A7C}.Release|x86.ActiveCfg = Release|Win32
		{1B5E7098-C3EB-4098-98B6-6D2FF8585A7C}.Release|x86.Build.0 = Release|Win32
		{D616BED4-15BC-49A0-AA88-B790F9B651D1}.Debug|x64.ActiveCfg = Debug|x64
		{D616BED4-15BC-49A0-AA88-B790F9B651D1}.Debug|x64.Build.0 = Debug|x64
		{D616BED4-15BC-49A0-AA88-B790F9B651D1}.Debug|x86.ActiveCfg = Debug|Win32
		{D616BED4-15BC-49A0-AA88-B790F9B651D1}.Debug|x86.Build.0 = Debug|Win32
		{D616BED4-15BC-49A0-AA88-B790F9B651D1}.Release|x64.ActiveCfg = Release|x64
		{D616BED4-15BC-49A0-AA88-B790F9B651D1}.Release|x64.Build.0 = Release|x64
		{D616BED4-15BC-49A0-AA88-B790F9B651D1}.Release|x86.ActiveCfg = Release|Win32
		{D616BED4-15BC-49A0-AA88-B790F9B651D1}.Release|x86.Build.0 = Release|Win32
		{BBE9BEEE-3F2B-478B-BCBA-ECB4C3B0A486}.Debug|x64.ActiveCfg = Debug|x64
		{BBE9BEEE-3F2B-478B-BCBA-ECB4C3B0A486}.Debug|x64.Build.0 = Debug|x64
		{BBE9BEEE-3F2B-478B-BCBA-ECB4C3B0A486}.Debug|x86.ActiveCfg = Debug|Win32
		{BBE9BEEE-3F2B-478B-BCBA-ECB4C3B0A486}.Debug|x86.Build.0 = Debug|Win32
		{BBE9BEEE-3F2B-478B-BCBA-ECB4C3B0A486}.Release|x64.ActiveCfg = Release|x64
		{BBE9BEEE-3F2B-478B-BCBA-ECB4C3B0A486}.Release|x64.Build.0 = Release|x64
		{BBE9BEEE-3F2B-478B-BCBA-ECB4C3B0A486}.Release|x86.ActiveCfg = Release|Win32
		{BBE9BEEE-3F2B-478B-BCBA-ECB4C3B0A486}.Release|x86.Build.0 = Release|Win32
		{57F05C35-3DE6-4C2F-86E6-96AA102A93F7}.Debug|x64.ActiveCfg = Debug|x64
		{57F05C35-3DE6-4C2F-86E6-96AA102A93F7}.Debug|x64.Build.0 = Debug|x64
		{57F05C35-3DE6-4C2F-86E6-96AA102A93F7}.Debug|x86.ActiveCfg = Debug|Win32
		{57F05C35-3DE6-4C2F-86E6-96AA102A93F7}.Debug|x86.Build.0 = Debug|Win32
		{57F05C35-3DE6-4C2F-86E6-96AA102A93F7}.Release|x64.ActiveCfg = Release|x64
		{57F05C35-3DE6-4C2F-86E6-96AA102A93F7}.Release|x64.Build.0 = Release|x64
		{57F05C35-3DE6-4C2F-86E6-96AA102A93F7}.Release|x86.ActiveCfg = Release|Win32
		{57F05C35-3DE6-4C2F-86E6-96AA102A93F7}.Release|x86.Build.0 = Release|Win32
		{B3031589-C9E6-4CB0-A4A6-D5F46CEAE482}.Debug|x64.ActiveCfg = Debug|x64
		{B3031589-C9E6-4CB0-A4A6-D5F46CEAE482}.Debug|x64.Build.0 = Debug|x64
		{B3031589-C9E6-4CB0-A4A6-D5F46CEAE482}.Debug|x86.ActiveCfg = Debug|Win32
		{B3031589-C9E6-4CB0-A4A6-D5F46CEAE482}.Debug|x86.Build.0 = Debug|Win32
		{B3031589-C9E6-4CB0-A4A6-D5F46CEAE482}.Release|x64.ActiveCfg = Release|x64
		{B3031589-C9E6-4CB0-A4A6-D5F46CEAE482}.Release|x64.Build.0 = Release|x64
		{B3031589-C9E6-4CB0-A4A6-D5F46CEAE482}.Release|x86.ActiveCfg = Release|Win32
		{B3031589-C9E6-4CB0-A4A6-D5F46CEAE482}.Release|x86.Build.0 = Release|Win32
		{1E6C0785-6369-4C49-AD53-99DC977329B4}.Debug|x64.ActiveCfg = Debug|x64
		{1E6C0785-6369-4C49-AD53-99DC977329B4}.Debug|x64.Build.0 = Debug|x64
		{1E6C0785-6369-4C49-AD53-99DC977329B4}.Debug|x86.ActiveCfg = Debug|Win32
		{1E6C0785-6369-4C49-AD53-99DC977329B4}.Debug|x86.Build.0 = Debug|Win32
		{1E6C0785-6369-4C49-AD53-99DC977329B4}.Release|x64.ActiveCfg = Release|x64
		{1E6C0785-6369-4C49-AD53-99DC977329B4}.Release|x64.Build.0 = Release|x64
		{1E6C0785-6369-4C49-AD53-99DC977329B4}.Release|x86.ActiveCfg = Release|Win32
		{1E6C0785-6369-4C49-AD53-99DC977329B4}.Release|x86.Build.0 = Release|Win32
		{D2D3AAA8-393D-40A8-A5B8-0FB931D7EF64}.Debug|x64.ActiveCfg = Debug|x64
		{D2D3AAA8-393D-40A8-A5B8-0FB931D7EF64}.Debug|x64.Build.0 = Debug|x64
		{D2D3AAA8-393D-40A8-A5B8-0FB931D7EF64}.Debug|x86.ActiveCfg = Debug|Win32
		{D2D3AAA8-393D-40A8-A5B8-0FB931D7EF64}.Debug|x86.Build.0 = Debug|Win32
		{D2D3AAA8-393D-40A8-A5B8-0FB931D7EF64}.Release|x64.ActiveCfg = Release|x64
		{D2D3AAA8-393D-40A8-A5B8-0FB931D7EF64}.Release|x64.Build.0 = Release|x64
		{D2D3AAA8-393D-40A8-A5B8-0FB931D7EF64}.Release|x86.ActiveCfg = Release|Win32
		{D2D3AAA8-393D-40A8-A5B8-0FB931D7EF64}.Release|x86.Build.0 = Release|Win32
		{6272F531-01DF-4735-9B89-09B14D8C4722}.Debug|x64.ActiveCfg = Debug|x64
		{6272F531-01DF-4735-9B89-09B14D8C4722}.Debug|x64.Build.0 = Debug|x64
		{6272F531-01DF-4735-9B89-09B14D8C4722}.Debug|x86.ActiveCfg = Debug|Win32
		{6272F531-01DF-4735-9B89-09B14D8C4722}.Debug|x86.Build.0 = Debug|Win32
		{6272F531-01DF-4735-9B89-09B14D8C4722}.Release|x64.ActiveCfg = Release|x64
		{6272F531-01DF-4735-9B89-09B14D8C4722}.Release|x64.Build.0 = Release|x64
		{6272F531-01DF-4735-9B89-09B14D8C4722}.Release|x86.ActiveCfg = Release|Win32
		{6272F531-01DF-4735-9B89-09B14D8C4722}.Release|x86.Build.0 = Release|Win32
		{2C0058E0-C55F-4FE6-873B-AA4DCE080BD8}.Debug|x64.ActiveCfg = Debug|x64
		{2C0058E0-C55F-4FE6-873B-AA4DCE080BD8}.Debug|x64.Build.0 = Debug|x64
		{2C0058E0-C55F-4FE6-873B-AA4DCE080BD8}.Debug|x86.ActiveCfg = Debug|Win32
		{2C0058E0-C55F-4FE6-873B-AA4DCE080BD8}.Debug|x86.Build.0 = Debug|Win32
		{2C0058E0-C55F-4FE6-873B-AA4DCE080BD8}.Release|x64.ActiveCfg = Release|x64
		{2C0058E0-C55F-4FE6-873B-AA4DCE080BD8}.Release|x64.Build.0 = Release|x64
		{2C0058E0-C55F-4FE6-873B-AA4DCE080BD8}.Release|x86.ActiveCfg = Release|Win32
		{2C0058E0-C55F-4FE6-873B-AA4DCE080BD8}.Release|x86.Build.0 = Release|Win32
		{D558ABA9-16E5-447A-AC17-9821B9105D38}.Debug|x64.ActiveCfg = Debug|x64
		{D558ABA9-16E5-447A-AC17-9821B9105D38}.Debug|x64.Build.0 = Debug|x64
		{D558ABA9-16E5-447A-AC17-9821B9105D38}.Debug|x86.ActiveCfg = Debug|Win32
		{D558ABA9-16E5-447A-AC17-9821B9105D38}.Debug|x86.Build.0 = Debug|Win32
		{D558ABA9-16E5-447A-AC17-9821B9105D38}.Release|x64.ActiveCfg = Release|x64
		{D558ABA9-16E5-447A-AC17-9821B9105D38}.Release|x64.Build.0 = Release|x64
		{D558ABA9-16E5-447A-AC17-9821B9105D38}.Release|x86.ActiveCfg = Release|Win32
		{D558ABA9-16E5-447A-AC17-9821B9105D38}.Release|x86.Build.0 = Release|Win32
		{C9D4754D-236D-4E1A-8665-3278C7AE91FC}.Debug|x64.ActiveCfg = Debug|x64
		{C9D4754D-236D-4E1A-8665-3278C7AE91FC}.Debug|x64.Build.0 = Debug|x64
		{C9D4754D-236D-4E1A-8665-3278C7AE91FC}.Debug|x86.ActiveCfg = Debug|Win32
		{C9D4754D-236D-4E1A-8665-3278C7AE91FC}.Debug|x86.Build.0 = Debug|Win32
		{C9D4754D-236D-4E1A-8665-3278C7AE91FC}.Release|x64.ActiveCfg = Release|x64
		{C9D4754D-236D-4E1A-8665-3278C7AE91FC}.Release|x64.Build.0 = Release|x64
		{C9D4754D-236D-4E1A-8665-3278C7AE91FC}.Release|x86.ActiveCfg = Release|Win32
		{C9D4754D-236D-4E1A-8665-3278C7AE91FC}.Release|x86.Build.0 = Release|Win32
		{76B954AA-8030-428A-8953-504FD6A43980}.Debug|x64.ActiveCfg = Debug|x64
		{76B954AA-8030-428A-8953-504FD6A43980}.Debug|x64.Build.0 = Debug|x64
		{76B954AA-8030-428A-8953-504FD6A43980}.Debug|x86.ActiveCfg = Debug|Win32
		{76B954AA-8030-428A-8953-504FD6A43980}.Debug|x86.Build.0 = Debug|Win32
		{76B954AA-8030-428A-8953-504FD6A43980}.Release|x64.ActiveCfg = Release|x64
		{76B954AA-8030-428A-8953-504FD6A43980}.Release|x64.Build.0 = Release|x64
		{76B954AA-8030-428A-8953-504FD6A43980}.Release|x86.ActiveCfg = Release|Win32
		{76B954AA-8030-428A-8953-504FD6A43980}.Release|x86.Build.0 = Release|Win32
		{9DBD9C13-8FCB-4DA1-B090-CB47593358B3}.Debug|x64.ActiveCfg = Debug|x64
		{9DBD9C13-8FCB-4DA1-B090-CB47593358B3}.Debug|x64.Build.0 = Debug|x64
		{9DBD9C13-8FCB-4DA1-B090-CB47593358B3}.Debug|x86.ActiveCfg = Debug|Win32
		{9DBD9C13-8FCB-4DA1-B090-CB47593358B3}.Debug|x86.Build.0 = Debug|Win32
		{9DBD9C13-8FCB-4DA1-B090-CB47593358B3}.Release|x64.ActiveCfg = Release|x64
		{9DBD9C13-8FCB-4DA1-B090-CB47593358B3}.Release|x64.Build.0 = Release|x64
		{9DBD9C13-8FCB-4DA1-B090-CB47593358B3}.Release|x86.ActiveCfg = Release|Win32
		{9DBD9C13-8FCB-4DA1-B090-CB47593358B3}.Release|x86.Build.0 = Release|Win32
		{005AE63E-312E-4BE0-AF81-81859523930A}.Debug|x64.ActiveCfg = Debug|x64
		{005AE63E-312E-4BE0-AF81-81859523930A}.Debug|x64.Build.0 = Debug|x64
		{005AE63E-312E-4BE0-AF81-81859523930A}.Debug|x86.ActiveCfg = Debug|Win32
		{005AE63E-312E-4BE0-AF81-81859523930A}.Debug|x86.Build.0 = Debug|Win32
		{005AE63E-312E-4BE0-AF81-81859523930A}.Release|x64.ActiveCfg = Release|x64
		{005AE63E-312E-4BE0-AF81-81859523930A}.Release|x64.Build.0 = Release|x64
		{005AE63E-312E-4BE0-AF81-81859523930A}.Release|x86.ActiveCfg = Release|Win32
		{005AE63E-312E-4BE0-AF81-81859523930A}.Release|x86.Build.0 = Release|Win32
		{8769E771-27FF-4FA9-9289-2B6681F41825}.Debug|x64.ActiveCfg = Debug|x64
		{8769E771-27FF-4FA9-9289-2B6681F41825}.Debug|x64.Build.0 = Debug|x64
		{8769E771-27FF-4FA9-9289-2B6681F41825}.Debug|x86.ActiveCfg = Debug|Win32
		{8769E771-27FF-4FA9-9289-2B6681F41825}.Debug|x86.Build.0 = Debug|Win32
		{8769E771-27FF-4FA9-9289-2B6681F41825}.Release|x64.ActiveCfg = Release|x64
		{8769E771-27FF-4FA9-9289-2B6681F41825}.Release|x64.Build.0 = Release|x64
		{8769E771-27FF-4FA9-9289-2B6681F41825}.Release|x86.ActiveCfg = Release|Win32
		{8769E771-27FF-4FA9-9289-2B6681F41825}.Release|x86.Build.0 = Release|Win32
		{60C0767E-2196-459F-A4E9-8986DB67EBEF}.Debug|x64.ActiveCfg = Debug|x64
		{60C0767E-2196-459F-A4E9-8986DB67EBEF}.Debug|x64.Build.0 = Debug|x64
		{60C0767E-2196-459F-A4E9-8986DB67EBEF}.Debug|x86.ActiveCfg = Debug|Win32
		{60C0767E-2196-459F-A4E9-8986DB67EBEF}.Debug|x86.Build.0 = Debug|Win32
		{60C0767E-2196-459F-A4E9-8986DB67EBEF}.Release|x64.ActiveCfg = Release|x64
		{60C0767E-2196-459F-A4E9-8986DB67EBEF}.Release|x64.Build.0 = Release|x64
		{60C0767E-2196-459F-A4E9-8986DB67EBEF}.Release|x86.ActiveCfg = Release|Win32
		{60C0767E-2196-459F-A4E9-8986DB67EBEF}.Release|x86.Build.0 = Release|Win32
		{388C75A5-3FAB-4254-BC52-27B7C3BE0D4A}.Debug|x64.ActiveCfg = Debug|x64
		{388C75A5-3FAB-4254-BC52-27B7C3BE0D4A}.Debug|x64.Build.0 = Debug|x64
		{388C75A5-3FAB-4254-BC52-27B7C3BE0D4A}.Debug|x86.ActiveCfg = Debug|Win32
		{388C75A5-3FAB-4254-BC52-27B7C3BE0D4A}.Debug|x86.Build.0 = Debug|Win32
		{388C75A5-3FAB-4254-BC52-27B7C3BE0D4A}.Release|x64.ActiveCfg = Release|x64
		{388C75A5-3FAB-4254-BC52-27B7C3BE0D4A}.Release|x64.Build.0 = Release|x64
		{388C75A5-3FAB-4254-BC52-27B7C3BE0D4A}.Release|x86.ActiveCfg = Release|Win32
		{388C75A5-3FAB-4254-BC52-27B7C3BE0D4A}.Release|x86.Build.0 = Release|Win32
		{337D4023-6EDD-4B83-88A9-57276006AEAA}.Debug|x64.ActiveCfg = Debug|x64
		{337D4023-6EDD-4B83-88A9-57276006AEAA}.Debug|x64.Build.0 = Debug|x64
		{337D4023-6EDD-4B83-88A9-57276006AEAA}.Debug|x86.ActiveCfg = Debug|Win32
		{337D4023-6EDD-4B83-88A9-57276006AEAA}.Debug|x86.Build.0 = Debug|Win32
		{337D4023-6EDD-4B83-88A9-57276006AEAA}.Release|x64.ActiveCfg = Release|x64
		{337D4023-6EDD-4B83-88A9-57276006AEAA}.Release|x64.Build.0 = Release|x64
		{337D4023-6EDD-4B83-88A9-57276006AEAA}.Release|x86.ActiveCfg = Release|Win32
		{337D4023-6EDD-4B83-88A9-57276006AEAA}.Release|x86.Build.0 = Release|Win32
		{CCFB2FAD-B689-405A-A1BF-E639B3EAC478}.Debug|x64.ActiveCfg = Debug|x64
		{CCFB2FAD-B689-405A-A1BF-E639B3EAC478}.Debug|x64.Build.0 = Debug|x64
		{CCFB2FAD-B689-405A-A1BF-E639B3EAC478}.Debug|x86.ActiveCfg = Debug|Win32
		{CCFB2FAD-B689-405A-A1BF-E639B3EAC478}.Debug|x86.Build.0 = Debug|Win32
		{CCFB2FAD-B689-405A-A1BF-E639B3EAC478}.Release|x64.ActiveCfg = Release|x64
		{CCFB2FAD-B689-405A-A1BF-E639B3EAC478}.Release|x64.Build.0 = Release|x64
		{CCFB2FAD-B689-405A-A1BF-E639B3EAC478}.Release|x86.ActiveCfg = Release|Win32
		{CCFB2FAD-B689-405A-A1BF-E639B3EAC478}.Release|x86.Build.0 = Release|Win32
		{002FFFD4-A1AE-41DB-A5DB-B9AF84F349FB}.Debug|x64.ActiveCfg = Debug|x64
		{002FFFD4-A1AE-41DB-A5DB-B9AF84F349FB}.Debug|x64.Build.0 = Debug|x64
		{002FFFD4-A1AE-41DB-A5DB-B9AF84F349FB}.Debug|x86.ActiveCfg = Debug|Win32
		{002FFFD4-A1AE-41DB-A5DB-B9AF84F349FB}.Debug|x86.Build.0 = Debug|Win32
		{002FFFD4-A1AE-41DB-A5DB-B9AF84F349FB}.Release|x64.ActiveCfg = Release|x64
		{002FFFD4-A1AE-41DB-A5DB-B9AF84F349FB}.Release|x64.Build.0 = Release|x64
		{002FFFD4-A1AE-41DB-A5DB-B9AF84F349FB}.Release|x86.ActiveCfg = Release|Win32
		{002FFFD4-A1AE-41DB-A5DB-B9AF84F349FB}.Release|x86.Build.0 = Release|Win32
		{2EF513A2-7823-4EB9-AA2A-1D4916C5C191}.Debug|x64.ActiveCfg = Debug|x64
		{2EF513A2-7823-4EB9-AA2A-1D4916C5C191}.Debug|x64.Build.0 = Debug|x64
		{2EF513A2-7823-4EB9-AA2A-1D4916C5C191}.Debug|x86.ActiveCfg = Debug|Win32
		{2EF513A2-7823-4EB9-AA2A-1D4916C5C191}.Debug|x86.Build.0 = Debug|Win32
		{2EF513A2-7823-4EB9-AA2A-1D4916C5C191}.Release|x64.ActiveCfg = Release|x64
		{2EF513A2-7823-4EB9-AA2A-1D4916C5C191}.Release|x64.Build.0 = Release|x64
		{2EF513A2-7823-4EB9-AA2A-1D4916C5C191}.Release|x86.ActiveCfg = Release|Win32
		{2EF513A2-7823-4EB9-AA2A-1D4916C5C191}.Release|x86.Build.0 = Release|Win32
		{84966071-D3FE-487D-A39D-9C8005C90D25}.Debug|x64.ActiveCfg = Debug|x64
		{84966071-D3FE-487D-A39D-9C8005C90D25}.Debug|x64.Build.0 = Debug|x64
		{84966071-D3FE-487D-A39D-9C8005C90D25}.Debug|x86.ActiveCfg = Debug|Win32
		{84966071-D3FE-487D-A39D-9C8005C90D25}.Debug|x86.Build.0 = Debug|Win32
		{84966071-D3FE-487D-A39D-9C8005C90D25}.Release|x64.ActiveCfg = Release|x64
		{84966071-D3FE-487D-A39D-9C8005C90D25}.Release|x64.Build.0 = Release|x64
		{84966071-D3FE-487D-A39D-9C8005C90D25}.Release|x86.ActiveCfg = Release|Win32
		{84966071-D3FE-487D-A39D-9C8005C90D25}.Release|x86.Build.0 = Release|Win32
		{B8BBC726-9590-4D6C-9065-B82C7FD3E15B}.Debug|x64.ActiveCfg = Debug|x64
		{B8BBC726-9590-4D6C-9065-B82C7FD3E15B}.Debug|x64.Build.0 = Debug|x64
		{B8BBC726-9590-4D6C-9065-B82C7FD3E15B}.Debug|x86.ActiveCfg = Debug|Win32
		{B8BBC726-9590-4D6C-9065-B82C7FD3E15B}.Debug|x86.Build.0 = Debug|Win32
		{B8BBC726-9590-4D6C-9065-B82C7FD3E15B}.Release|x64.ActiveCfg = Release|x64
		{B8BBC726-9590-4D6C-9065-B82C7FD3E15B}.Release|x64.Build.0 = Release|x64
		{B8BBC726-9590-4D6C-9065-B82C7FD3E15B}.Release|x86.ActiveCfg = Release|Win32
		{B8BBC726-9590-4D6C-9065-B82C7FD3E15B}.Release|x86.Build.0 = Release|Win32
		{C06A7BE8-1C7D-4CA2-86D8-5B7FF7BC38C0}.Debug|x64.ActiveCfg = Debug|x64
		{C06A7BE8-1C7D-4CA2-86D8-5B7FF7BC38C0}.Debug|x64.Build.0 = Debug|x64
		{C06A7BE8-1C7D-4CA2-86D8-5B7FF7BC38C0}.Debug|x86.ActiveCfg = Debug|Win32
		{C06A7BE8-1C7D-4CA2-86D8-5B7FF7BC38C0}.Debug|x86.Build.0 = Debug|Win32
		{C06A7BE8-1C7D-4CA2-86D8-5B7FF7BC38C0}.Release|x64.ActiveCfg = Release|x64
		{C06A7BE8-1C7D-4CA2-86D8-5B7FF7BC38C0}.Release|x64.Build.0 = Release|x64
		{C06A7BE8-1C7D-4CA2-86D8-5B7FF7BC38C0}.Release|x86.ActiveCfg = Release|Win32
		{C06A7BE8-1C7D-4CA2-86D8-5B7FF7BC38C0}.Release|x86.Build.0 = Release|Win32
		{50CAF252-8225-4618-931B-2BC85E11AA36}.Debug|x64.ActiveCfg = Debug|x64
		{50CAF252-8225-4618-931B-2BC85E11AA36}.Debug|x64.Build.0 = Debug|x64
		{50CAF252-8225-4618-931B-2BC85E11AA36}.Debug|x86.ActiveCfg = Debug|Win32
		{50CAF252-8225-4618-931B-2BC85E11AA36}.Debug|x86.Build.0 = Debug|Win32
		{50CAF252-8225-4618-931B-2BC85E11AA36}.Release|x64.ActiveCfg = Release|x64
		{50CAF252-8225-4618-931B-2BC85E11AA36}.Release|x64.Build.0 = Release|x64
		{50CAF252-8225-4618-931B-2BC85E11AA36}.Release|x86.ActiveCfg = Release|Win32
		{50CAF252-8225-4618-931B-2BC85E11AA36}.Release|x86.Build.0 = Release|Win32
		{DDCECD6A-DA71-4247-872D-C06C71AFD747}.Debug|x64.ActiveCfg = Debug|x64
		{DDCECD6A-DA71-4247-872D-C06C71AFD747}.Debug|x64.Build.0 = Debug|x64
		{DDCECD6A-DA71-4247-872D-C06C71AFD747}.Debug|x86.ActiveCfg = Debug|Win32
		{DDCECD6A-DA71-4247-872D-C06C71AFD747}.Debug|x86.Build.0 = Debug|Win32
		{DDCECD6A-DA71-4247-872D-C06C71AFD747}.Release|x64.ActiveCfg = Release|x64
		{DDCECD6A-DA71-4247-872D-C06C71AFD747}.Release|x64.Build.0 = Release|x64
		{DDCECD6A-DA71-4247-872D-C06C71AFD747}.Release|x86.ActiveCfg = Release|Win32
		{DDCECD6A-DA71-4247-872D-C06C71AFD747}.Release|x86.Build.0 = Release|Win32
		{E94D335B-5F4D-4906-BDDB-C78867F33937}.Debug|x64.ActiveCfg = Debug|x64
		{E94D335B-5F4D-4906-BDDB-C78867F33937}.Debug|x64.Build.0 = Debug|x64
		{E94D335B-5F4D-4906-BDDB-C78867F33937}.Debug|x86.ActiveCfg = Debug|Win32
		{E94D335B-5F4D-4906-BDDB-C78867F33937}.Debug|x86.Build.0 = Debug|Win32
		{E94D335B-5F4D-4906-BDDB-C78867F33937}.Release|x64.ActiveCfg = Release|x64
		{E94D335B-5F4D-4906-BDDB-C78867F33937}.Release|x64.Build.0 = Release|x64
		{E94D335B-5F4D-4906-BDDB-C78867F33937}.Release|x86.ActiveCfg = Release|Win32
		{E94D335B-5F4D-4906-BDDB-C78867F33937}.Release|x86.Build.0 = Release|Win32
		{EC38E900-C9E4-47B5-9C62-26ED5DD9AFB4}.Debug|x64.ActiveCfg = Debug|x64
		{EC38E900-C9E4-47B5-9C62-26ED5DD9AFB4}.Debug|x64.Build.0 = Debug|x64
		{EC38E900-C9E4-47B5-9C62-26ED5DD9AFB4}.Debug|x86.ActiveCfg = Debug|Win32
		{EC38E900-C9E4-47B5-9C62-26ED5DD9AFB4}.Debug|x86.Build.0 = Debug|Win32
		{EC38E900-C9E4-47B5-9C62-26ED5DD9AFB4}.Release|x64.ActiveCfg = Release|x64
		{EC38E900-C9E4-47B5-9C62-26ED5DD9AFB4}.Release|x64.Build.0 = Release|x64
		{EC38E900-C9E4-47B5-9C62-26ED5DD9AFB4}.Release|x86.ActiveCfg = Release|Win32
		{EC38E900-C9E4-47B5-9C62-26ED5DD9AFB4}.Release|x86.Build.0 = Release|Win32
		{AE433DA9-1218-400D-BE31-16AE82816A10}.Debug|x64.ActiveCfg = Debug|x64
		{AE433DA9-1218-400D-BE31-16AE82816A10}.Debug|x64.Build.0 = Debug|x64
		{AE433DA9-1218-400D-BE31-16AE82816A10}.Debug|x86.ActiveCfg = Debug|Win32
		{AE433DA9-1218-400D-BE31-16AE82816A10}.Debug|x86.Build.0 = Debug|Win32
		{AE433DA9-1218-400D-BE31-16AE82816A10}.Release|x64.ActiveCfg = Release|x64
		{AE433DA9-1218-400D-BE31-16AE82816A10}.Release|x64.Build.0 = Release|x64
		{AE433DA9-1218-400D-BE31-16AE82816A10}.Release|x86.ActiveCfg = Release|Win32
		{AE433DA9-1218-400D-BE31-16AE82816A10}.Release|x86.Build.0 = Release|Win32
		{6EC327D7-EFD8-48F9-925F-F202CDADD890}.Debug|x64.ActiveCfg = Debug|x64
		{6EC327D7-EFD8-48F9-925F-F202CDADD890}.Debug|x64.Build.0 = Debug|x64
		{6EC327D7-EFD8-48F9-925F-F202CDADD890}.Debug|x86.ActiveCfg = Debug|Win32
		{6EC327D7-EFD8-48F9-925F-F202CDADD890}.Debug|x86.Build.0 = Debug|Win32
		{6EC327D7-EFD8-48F9-925F-F202CDADD890}.Release|x64.ActiveCfg = Release|x64
		{6EC327D7-EFD8-48F9-925F-F202CDADD890}.Release|x64.Build.0 = Release|x64
		{6EC327D7-EFD8-48F9-925F-F202CDADD890}.Release|x86.ActiveCfg = Release|Win32
		{6EC327D7-EFD8-48F9-925F-F202CDADD890}.Release|x86.Build.0 = Release|Win32
		{3B269803-31F5-4999-8B93-3F7AD8DDEE70}.Debug|x64.ActiveCfg = Debug|x64
		{3B269803-31F5-4999-8B93-3F7AD8DDEE70}.Debug|x64.Build.0 = Debug|x64
		{3B269803-31F5-4999-8B93-3F7AD8DDEE70}.Debug|x86.ActiveCfg = Debug|Win32
		{3B269803-31F5-4999-8B93-3F7AD8DDEE70}.Debug|x86.Build.0 = Debug|Win32
		{3B269803-31F5-4999-8B93-3F7AD8DDEE70}.Release|x64.ActiveCfg = Release|x64
		{3B269803-31F5-4999-8B93-3F7AD8DDEE70}.Release|x64.Build.0 = Release|x64
		{3B269803-31F5-4999-8B93-3F7AD8DDEE70}.Release|x86.ActiveCfg = Release|Win32
		{3B269803-31F5-4999-8B93-3F7AD8DDEE70}.Release|x86.Build.0 = Release|Win32
		{0A7CF3F3-A407-48D7-8DAC-1DC1902F0A33}.Debug|x64.ActiveCfg = Debug|x64
		{0A7CF3F3-A407-48D7-8DAC-1DC1902F0A33}.Debug|x64.Build.0 = Debug|x64
		{0A7CF3F3-A407-48D7-8DAC-1DC1902F0A33}.Debug|x86.ActiveCfg = Debug|Win32
		{0A7CF3F3-A407-48D7-8DAC-1DC1902F0A33}.Debug|x86.Build.0 = Debug|Win32
		{0A7CF3F3-A407-48D7-8DAC-1DC1902F0A33}.Release|x64.ActiveCfg = Release|x64
		{0A7CF3F3-A407-48D7-8DAC-1DC1902F0A33}.Release|x64.Build.0 = Release|x64
		{0A7CF3F3-A407-48D7-8DAC-1DC1902F0A33}.Release|x86.ActiveCfg = Release|Win32
		{0A7CF3F3-A407-48D7-8DAC-1DC1902F0A33}.Release|x86.Build.0 = Release|Win32
		{CEE369D2-F8BB-4244-8C29-19ECDE2E8F55}.Debug|x64.ActiveCfg = Debug|x64
		{CEE369D2-F8BB-4244-8C29-19ECDE2E8F55}.Debug|x64.Build.0 = Debug|x64
		{CEE369D2-F8BB-4244-8C29-19ECDE2E8F55}.Debug|x86.ActiveCfg = Debug|Win32
		{CEE369D2-F8BB-4244-8C29-19ECDE2E8F55}.Debug|x86.Build.0 = Debug|Win32
		{CEE369D2-F8BB-4244-8C29-19ECDE2E8F55}.Release|x64.ActiveCfg = Release|x64
		{CEE369D2-F8BB-4244-8C29-19ECDE2E8F55}.Release|x64.Build.0 = Release|x64
		{CEE369D2-F8BB-4244-8C29-19ECDE2E8F55}.Release|x86.ActiveCfg = Release|Win32
		{CEE369D2-F8BB-4244-8C29-19ECDE2E8F55}.Release|x86.Build.0 = Release|Win32
		{46FB5591-03CC-4AB4-8F4A-DEE30E9AC464}.Debug|x64.ActiveCfg = Debug|x64
		{46FB5591-03CC-4AB4-8F4A-DEE30E9AC464}.Debug|x64.Build.0 = Debug|x64
		{46FB5591-03CC-4AB4-8F4A-DEE30E9AC464}.Debug|x86.ActiveCfg = Debug|Win32
		{46FB5591-03CC-4AB4-8F4A-DEE30E9AC464}.Debug|x86.Build.0 = Debug|Win32
		{46FB5591-03CC-4AB4-8F4A-DEE30E9AC464}.Release|x64.ActiveCfg = Release|x64
		{46FB5591-03CC-4AB4-8F4A-DEE30E9AC464}.Release|x64.Build.0 = Release|x64
		{46FB5591-03CC-4AB4-8F4A-DEE30E9AC464}.Release|x86.ActiveCfg = Release|Win32
		{46FB5591-03CC-4AB4-8F4A-DEE30E9AC464}.Release|x86.Build.0 = Release|Win32
		{39ED4640-5741-4764-8DE8-6E9AB93BB1FF}.Debug|x64.ActiveCfg = Debug|x64
		{39ED4640-5741-4764-8DE8-6E9AB93BB1FF}.Debug|x64.Build.0 = Debug|x64
		{39ED4640-5741-4764-8DE8-6E9AB93BB1FF}.Debug|x86.ActiveCfg = Debug|Win32
		{39ED4640-5741-4764-8DE8-6E9AB93BB1FF}.Debug|x86.Build.0 = Debug|Win32
		{39ED4640-5741-4764-8DE8-6E9AB93BB1FF}.Release|x64.ActiveCfg = Release|x64
		{39ED4640-5741-4764-8DE8-6E9AB93BB1FF}.Release|x64.Build.0 = Release|x64
		{39ED4640-5741-4764-8DE8-6E9AB93BB1FF}.Release|x86.ActiveCfg = Release|Win32
		{39ED4640-5741-4764-8DE8-6E9AB93BB1FF}.Release|x86.Build.0 = Release|Win32
		{A052D124-55EF-4453-994C-DC4041038925}.Debug|x64.ActiveCfg = Debug|x64
		{A052D124-55EF-4453-994C-DC4041038925}.Debug|x64.Build.0 = Debug|x64
		{A052D124-55EF-4453-994C-DC4041038925}.Debug|x86.ActiveCfg = Debug|Win32
		{A052D124-55EF-4453-994C-DC4041038925}.Debug|x86.Build.0 = Debug|Win32
		{A052D124-55EF-4453-994C-DC4041038925}.Release|x64.ActiveCfg = Release|x64
		{A052D124-55EF-4453-994C-DC4041038925}.Release|x64.Build.0 = Release|x64
		{A052D124-55EF-4453-994C-DC4041038925}.Release|x86.ActiveCfg = Release|Win32
		{A052D124-55EF-4453-994C-DC4041038925}.Release|x86.Build.0 = Release|Win32
		{EAD730DD-D590-408E-B879-678AA6EEACAB}.Debug|x64.ActiveCfg = Debug|x64
		{EAD730DD-D590-408E-B879-678AA6EEACAB}.Debug|x64.Build.0 = Debug|x64
		{EAD730DD-D590-408E-B879-678AA6EEACAB}.Debug|x86.ActiveCfg = Debug|Win32
		{EAD730DD-D590-408E-B879-678AA6EEACAB}.Debug|x86.Build.0 = Debug|Win32
		{EAD730DD-D590-408E-B879-678AA6EEACAB}.Release|x64.ActiveCfg = Release|x64
		{EAD730DD-D590-408E-B879-678AA6EEACAB}.Release|x64.Build.0 = Release|x64
		{EAD730DD-D590-408E-B879-678AA6EEACAB}.Release|x86.ActiveCfg = Release|Win32
		{EAD730DD-D590-408E-B879-678AA6EEACAB}.Release|x86.Build.0 = Release|Win32
		{6A992813-E967-4578-9122-A9621930FA64}.Debug|x64.ActiveCfg = Debug|x64
		{6A992813-E967-4578-9122-A9621930FA64}.Debug|x64.Build.0 = Debug|x64
		{6A992813-E967-4578-9122-A9621930FA64}.Debug|x86.ActiveCfg = Debug|Win32
		{6A992813-E967-4578-9122-A9621930FA64}.Debug|x86.Build.0 = Debug|Win32
		{6A992813-E967-4578-9122-A9621930FA64}.Release|x64.ActiveCfg = Release|x64
		{6A992813-E967-4578-9122-A9621930FA64}.Release|x64.Build.0 = Release|x64
		{6A992813-E967-4578-9122-A9621930FA64}.Release|x86.ActiveCfg = Release|Win32
		{6A992813-E967-4578-9122-A9621930FA64}.Release|x86.Build.0 = Release|Win32
		{F0CC3C58-AF89-4DA2-90DE-92ED00207C1F}.Debug|x64.ActiveCfg = Debug|x64
		{F0CC3C58-AF89-4DA2-90DE-92ED00207C1F}.Debug|x64.Build.0 = Debug|x64
		{F0CC3C58-AF89-4DA2-90DE-92ED00207C1F}.Debug|x86.ActiveCfg = Debug|Win32
		{F0CC3C58-AF89-4DA2-90DE-92ED00207C1F}.Debug|x86.Build.0 = Debug|Win32
		{F0CC3C58-AF89-4DA2-90DE-92ED00207C1F}.Release|x64.ActiveCfg = Release|x64
		{F0CC3C58-AF89-4DA2-90DE-92ED00207C1F}.Release|x64.Build.0 = Release|x64
		{F0CC3C58-AF89-4DA2-90DE-92ED00207C1F}.Release|x86.ActiveCfg = Release|Win32
		{F0CC3C58-AF89-4DA2-90DE-92ED00207C1F}.Release|x86.Build.0 = Release|Win32
		{F7BE5D6C-ED0C-4C31-BD02-A29A83894EE6}.Debug|x64.ActiveCfg = Debug|x64
		{F7BE5D6C-ED0C-4C31-BD02-A29A83894EE6}.Debug|x64.Build.0 = Debug|x64
		{F7BE5D6C-ED0C-4C31-BD02-A29A83894EE6}.Debug|x86.ActiveCfg = Debug|Win32
		{F7BE5D6C-ED0C-4C31-BD02-A29A83894EE6}.Debug|x86.Build.0 = Debug|Win32
		{F7BE5D6C-ED0C-4C31-BD02-A29A83894EE6}.Release|x64.ActiveCfg = Release|x64
		{F7BE5D6C-ED0C-4C31-BD02-A29A83894EE6}.Release|x64.Build.0 = Release|x64
		{F7BE5D6C-ED0C-4C31-BD02-A29A83894EE6}.Release|x86.ActiveCfg = Release|Win32
		{F7BE5D6C-ED0C-4C31-BD02-A29A83894EE6}.Release|x86.Build.0 = Release|Win32
		{D61169E4-DD9A-4EB3-A838-5C7ED22FF97B}.Debug|x64.ActiveCfg = Debug|x64
		{D61169E4-DD9A-4EB3-A838-5C7ED22FF97B}.Debug|x64.Build.0 = Debug|x64
		{D61169E4-DD9A-4EB3-A838-5C7ED22FF97B}.Debug|x86.ActiveCfg = Debug|Win32
		{D61169E4-DD9A-4EB3-A838-5C7ED22FF97B}.Debug|x86.Build.0 = Debug|Win32
		{D61169E4-DD9A-4EB3-A838-5C7ED22FF97B}.Release|x64.ActiveCfg = Release|x64
		{D61169E4-DD9A-4EB3-A838-5C7ED22FF97B}.Release|x64.Build.0 = Release|x64
		{D61169E4-DD9A-4EB3-A838-5C7ED22FF97B}.Release|x86.ActiveCfg = Release|Win32
		{D61169E4-DD9A-4EB3-A838-5C7ED22FF97B}.Release|x86.Build.0 = Release|Win32
		{802A47D6-0B5A-4759-B21C-59EADE3DFDE5}.Debug|x64.ActiveCfg = Debug|x64
		{802A47D6-0B5A-4759-B21C-59EADE3DFDE5}.Debug|x64.Build.0 = Debug|x64
		{802A47D6-0B5A-4759-B21C-59EADE3DFDE5}.Debug|x86.ActiveCfg = Debug|Win32
		{802A47D6-0B5A-4759-B21C-59EADE3DFDE5}.Debug|x86.Build.0 = Debug|Win32
		{802A47D6-0B5A-4759-B21C-59EADE3DFDE5}.Release|x64.ActiveCfg = Release|x64
		{802A47D6-0B5A-4759-B21C-59EADE3DFDE5}.Release|x64.Build.0 = Release|x64
		{802A47D6-0B5A-4759-B21C-59EADE3DFDE5}.Release|x86.ActiveCfg = Release|Win32
		{802A47D6-0B5A-4759-B21C-59EADE3DFDE5}.Release|x86.Build.0 = Release|Win32
		{42B615BE-16E6-44A8-8D8B-31A5CB702125}.Debug|x64.ActiveCfg = Debug|x64
		{42B615BE-16E6-44A8-8D8B-31A5CB702125}.Debug|x64.Build.0 = Debug|x64
		{42B615BE-16E6-44A8-8D8B-31A5CB702125}.Debug|x86.ActiveCfg = Debug|Win32
		{42B615BE-16E6-44A8-8D8B-31A5CB702125}.Debug|x86.Build.0 = Debug|Win32
		{42B615BE-16E6-44A8-8D8B-31A5CB702125}.Release|x64.ActiveCfg = Release|x64
		{42B615BE-16E6-44A8-8D8B-31A5CB702125}.Release|x64.Build.0 = Release|x64
		{42B615BE-16E6-44A8-8D8B-31A5CB702125}.Release|x86.ActiveCfg = Release|Win32
		{42B615BE-16E6-44A8-8D8B-31A5CB702125}.Release|x86.Build.0 = Release|Win32
		{1EB434F3-FC5D-4698-B26E-01CD6D9D06E3}.Debug|x64.ActiveCfg = Debug|x64
		{1EB434F3-FC5D-4698-B26E-01CD6D9D06E3}.Debug|x64.Build.0 = Debug|x64
		{1EB434F3-FC5D-4698-B26E-01CD6D9D06E3}.Debug|x86.ActiveCfg = Debug|Win32
		{1EB434F3-FC5D-4698-B26E-01CD6D9D06E3}.Debug|x86.Build.0 = Debug|Win32
		{1EB434F3-FC5D-4698-B26E-01CD6D9D06E3}.Release|x64.ActiveCfg = Release|x64
		{1EB434F3-FC5D-4698-B26E-01CD6D9D06E3}.Release|x64.Build.0 = Release|x64
		{1EB434F3-FC5D-4698-B26E-01CD6D9D06E3}.Release|x86.ActiveCfg = Release|Win32
		{1EB434F3-FC5D-4698-B26E-01CD6D9D06E3}.Release|x86.Build.0 = Release|Win32
		{DF1D0289-7436-42C3-8FEE-7FD923FDC495}.Debug|x64.ActiveCfg = Debug|x64
		{DF1D0289-7436-42C3-8FEE-7FD923FDC495}.Debug|x64.Build.0 = Debug|x64
		{DF1D0289-7436-42C3-8FEE-7FD923FDC495}.Debug|x86.ActiveCfg = Debug|Win32
		{DF1D0289-7436-42C3-8FEE-7FD923FDC495}.Debug|x86.Build.0 = Debug|Win32
		{DF1D0289-7436-42C3-8FEE-7FD923FDC495}.Release|x64.ActiveCfg = Release|x64
		{DF1D0289-7436-42C3-8FEE-7FD923FDC495}.Release|x64.Build.0 = Release|x64
		{DF1D0289-7436-42C3-8FEE-7FD923FDC495}.Release|x86.ActiveCfg = Release|Win32
		{DF1D0289-7436-42C3-8FEE-7FD923FDC495}.Release|x86.Build.0 = Release|Win32
		{90B9BD9E-F51D-44EA-B5D9-96C960534CFF}.Debug|x64.ActiveCfg = Debug|x64
		{90B9BD9E-F51D-44EA-B5D9-96C960534CFF}.Debug|x64.Build.0 = Debug|x64
		{90B9BD9E-F51D-44EA-B5D9-96C960534CFF}.Debug|x86.ActiveCfg = Debug|Win32
		{90B9BD9E-F51D-44EA-B5D9-96C960534CFF}.Debug|x86.Build.0 = Debug|Win32
		{90B9BD9E-F51D-44EA-B5D9-96C960534CFF}.Release|x64.ActiveCfg = Release|x64
		{90B9BD9E-F51D-44EA-B5D9-96C960534CFF}.Release|x64.Build.0 = Release|x64
		{90B9BD9E-F51D-44EA-B5D9-96C960534CFF}.Release|x86.ActiveCfg = Release|Win32
		{90B9BD9E-F51D-44EA-B5D9-96C960534CFF}.Release|x86.Build.0 = Release|Win32
		{567F6DA9-A280-4C28-9526-769DF76CA5FF}.Debug|x64.ActiveCfg = Debug|x64
		{567F6DA9-A280-4C28-9526-769DF76CA5FF}.Debug|x64.Build.0 = Debug|x64
		{567F6DA9-A280-4C28-9526-769DF76CA5FF}.Debug|x86.ActiveCfg = Debug|Win32
		{567F6DA9-A280-4C28-9526-769DF76CA5FF}.Debug|x86.Build.0 = Debug|Win32
		{567F6DA9-A280-4C28-9526-769DF76CA5FF}.Release|x64.ActiveCfg = Release|x64
		{567F6DA9-A280-4C28-9526-769DF76CA5FF}.Release|x64.Build.0 = Release|x64
		{567F6DA9-A280-4C28-9526-769DF76CA5FF}.Release|x86.ActiveCfg = Release|Win32
		{567F6DA9-A280-4C28-9526-769DF76CA5FF}.Release|x86.Build.0 = Release|Win32
		{B3E63C41-0DB6-441B-8A13-B4C8F921231F}.Debug|x64.ActiveCfg = Debug|x64
		{B3E63C41-0DB6-441B-8A13-B4C8F921231F}.Debug|x64.Build.0 = Debug|x64
		{B3E63C41-0DB6-441B-8A13-B4C8F921231F}.Debug|x86.ActiveCfg = Debug|Win32
		{B3E63C41-0DB6-441B-8A13-B4C8F921231F}.Debug|x86.Build.0 = Debug|Win32
		{B3E63C41-0DB6-441B-8A13-B4C8F921231F}.Release|x64.ActiveCfg = Release|x64
		{B3E63C41-0DB6-441B-8A13-B4C8F921231F}.Release|x64.Build.0 = Release|x64
		{B3E63C41-0DB6-441B-8A13-B4C8F921231F}.Release|x86.ActiveCfg = Release|Win32
		{B3E63C41-0DB6-441B-8A13-B4C8F921231F}.Release|x86.Build.0 = Release|Win32
		{F0CC76A5-9EB9-4152-8344-ECE8FCE33239}.Debug|x64.ActiveCfg = Debug|x64
		{F0CC76A5-9EB9-4152-8344-ECE8FCE33239}.Debug|x64.Build.0 = Debug|x64
		{F0CC76A5-9EB9-4152-8344-ECE8FCE33239}.Debug|x86.ActiveCfg = Debug|Win32
		{F0CC76A5-9EB9-4152-8344-ECE8FCE33239}.Debug|x86.Build.0 = Debug|Win32
		{F0CC76A5-9EB9-4152-8344-ECE8FCE33239}.Release|x64.ActiveCfg = Release|x64
		{F0CC76A5-9EB9-4152-8344-ECE8FCE33239}.Release|x64.Build.0 = Release|x64
		{F0CC76A5-9EB9-4152-8344-ECE8FCE33239}.Release|x86.ActiveCfg = Release|Win32
		{F0CC76A5-9EB9-4152-8344-ECE8FCE33239}.Release|x86.Build.0 = Release|Win32
		{5638E196-95BB-42EA-A5CD-96D11FF17998}.Debug|x64.ActiveCfg = Debug|x64
		{5638E196-95BB-42EA-A5CD-96D11FF17998}.Debug|x64.Build.0 = Debug|x64
		{5638E196-95BB-42EA-A5CD-96D11FF17998}.Debug|x86.ActiveCfg = Debug|Win32
		{5638E196-95BB-42EA-A5CD-96D11FF17998}.Debug|x86.Build.0 = Debug|Win32
		{5638E196-95BB-42EA-A5CD-96D11FF17998}.Release|x64.ActiveCfg = Release|x64
		{5638E196-95BB-42EA-A5CD-96D11FF17998}.Release|x64.Build.0 = Release|x64
		{5638E196-95BB-42EA-A5CD-96D11FF17998}.Release|x86.ActiveCfg = Release|Win32
		{5638E196-95BB-42EA-A5CD-96D11FF17998}.Release|x86.Build.0 = Release|Win32
		{61A7E720-8151-4952-899D-EEF4666E42B7}.Debug|x64.ActiveCfg = Debug|x64
		{61A7E720-8151-4952-899D-EEF4666E42B7}.Debug|x64.Build.0 = Debug|x64
		{61A7E720-8151-4952-899D-EEF4666E42B7}.Debug|x86.ActiveCfg = Debug|Win32
		{61A7E720-8151-4952-899D-EEF4666E42B7}.Debug|x86.Build.0 = Debug|Win32
		{61A7E720-8151-4952-899D-EEF4666E42B7}.Release|x64.ActiveCfg = Release|x64
		{61A7E720-8151-4952-899D-EEF4666E42B7}.Release|x64.Build.0 = Release|x64
		{61A7E720-8151-4952-899D-EEF4666E42B7}.Release|x86.ActiveCfg = Release|Win32
		{61A7E720-8151-4952-899D-EEF4666E42B7}.Release|x86.Build.0 = Release|Win32
		{CC34258D-CD26-4F3D-A1DA-35630210EB68}.Debug|x64.ActiveCfg = Debug|x64
		{CC34258D-CD26-4F3D-A1DA-35630210EB68}.Debug|x64.Build.0 = Debug|x64
		{CC34258D-CD26-4F3D-A1DA-35630210EB68}.Debug|x86.ActiveCfg = Debug|Win32
		{CC34258D-CD26-4F3D-A1DA-35630210EB68}.Debug|x86.Build.0 = Debug|Win32
		{CC34258D-CD26-4F3D-A1DA-35630210EB68}.Release|x64.ActiveCfg = Release|x64
		{CC34258D-CD26-4F3D-A1DA-35630210EB68}.Release|x64.Build.0 = Release|x64
		{CC34258D-CD26-4F3D-A1DA-35630210EB68}.Release|x86.ActiveCfg = Release|Win32
		{CC34258D-CD26-4F3D-A1DA-35630210EB68}.Release|x86.Build.0 = Release|Win32
		{F72E639E-34C5-48A2-9E18-C7AFA2B7AB8A}.Debug|x64.ActiveCfg = Debug|x64
		{F72E639E-34C5-48A2-9E18-C7AFA2B7AB8A}.Debug|x64.Build.0 = Debug|x64
		{F72E639E-34C5-48A2-9E18-C7AFA2B7AB8A}.Debug|x86.ActiveCfg = Debug|Win32
		{F72E639E-34C5-48A2-9E18-C7AFA2B7AB8A}.Debug|x86.Build.0 = Debug|Win32
		{F72E639E-34C5-48A2-9E18-C7AFA2B7AB8A}.Release|x64.ActiveCfg = Release|x64
		{F72E639E-34C5-48A2-9E18-C7AFA2B7AB8A}.Release|x64.Build.0 = Release|x64
		{F72E639E-34C5-48A2-9E18-C7AFA2B7AB8A}.Release|x86.ActiveCfg = Release|Win32
		{F72E639E-34C5-48A2-9E18-C7AFA2B7AB8A}.Release|x86.Build.0 = Release|Win32
		{FA48B132-02E4-4B0A-9984-23DEFD6FCCD9}.Debug|x64.ActiveCfg = Debug|x64
		{FA48B132-02E4-4B0A-9984-23DEFD6FCCD9}.Debug|x64.Build.0 = Debug|x64
		{FA48B132-02E4-4B0A-9984-23DEFD6FCCD9}.Debug|x86.ActiveCfg = Debug|Win32
		{FA48B132-02E4-4B0A-9984-23DEFD6FCCD9}.Debug|x86.Build.0 = Debug|Win32
		{FA48B132-02E4-4B0A-9984-23DEFD6FCCD9}.Release|x64.ActiveCfg = Release|x64
		{FA48B132-02E4-4B0A-9984-23DEFD6FCCD9}.Release|x64.Build.0 = Release|x64
		{FA48B132-02E4-4B0A-9984-23DEFD6FCCD9}.Release|x86.ActiveCfg = Release|Win32
		{FA48B132-02E4-4B0A-9984-23DEFD6FCCD9}.Release|x86.Build.0 = Release|Win32
		{12160DAF-5FE5-46D1-882B-59B4EED7068B}.Debug|x64.ActiveCfg = Debug|x64
		{12160DAF-5FE5-46D1-882B-59B4EED7068B}.Debug|x64.Build.0 = Debug|x64
		{12160DAF-5FE5-46D1-882B-59B4EED7068B}.Debug|x86.ActiveCfg = Debug|Win32
		{12160DAF-5FE5-46D1-882B-59B4EED7068B}.Debug|x86.Build.0 = Debug|Win32
		{12160DAF-5FE5-46D1-882B-59B4EED7068B}.Release|x64.ActiveCfg = Release|x64
		{12160DAF-5FE5-46D1-882B-59B4EED7068B}.Release|x64.Build.0 = Release|x64
		{12160DAF-5FE5-46D1-882B-59B4EED7068B}.Release|x86.ActiveCfg = Release|Win32
		{12160DAF-5FE5-46D1-882B-59B4EED7068B}.Release|x86.Build.0 = Release|Win32
		{E9DF2CEA-A6DF-4EEF-AF5D-DC9C7CBBF1AB}.Debug|x64.ActiveCfg = Debug|x64
		{E9DF2CEA-A6DF-4EEF-AF5D-DC9C7CBBF1AB}.Debug|x64.Build.0 = Debug|x64
		{E9DF2CEA-A6DF-4EEF-AF5D-DC9C7CBBF1AB}.Debug|x86.ActiveCfg = Debug|Win32
		{E9DF2CEA-A6DF-4EEF-AF5D-DC9C7CBBF1AB}.Debug|x86.Build.0 = Debug|Win32
		{E9DF2CEA-A6DF-4EEF-AF5D-DC9C7CBBF1AB}.Release|x64.ActiveCfg = Release|x64
		{E9DF2CEA-A6DF-4EEF-AF5D-DC9C7CBBF1AB}.Release|x64.Build.0 = Release|x64
		{E9DF2CEA-A6DF-4EEF-AF5D-DC9C7CBBF1AB}.Release|x86.ActiveCfg = Release|Win32
		{E9DF2CEA-A6DF-4EEF-AF5D-DC9C7CBBF1AB}.Release|x86.Build.0 = Release|Win32
		{90BEC50C-7327-4662-B20A-42565BE7DB56}.Debug|x64.ActiveCfg = Debug|x64
		{90BEC50C-7327-4662-B20A-42565BE7DB56}.Debug|x64.Build.0 = Debug|x64
		{90BEC50C-7327-4662-B20A-42565BE7DB56}.Debug|x86.ActiveCfg = Debug|Win32
		{90BEC50C-7327-4662-B20A-42565BE7DB56}.Debug|x86.Build.0 = Debug|Win32
		{90BEC50C-7327-4662-B20A-42565BE7DB56}.Release|x64.ActiveCfg = Release|x64
		{90BEC50C-7327-4662-B20A-42565BE7DB56}.Release|x64.Build.0 = Release|x64
		{90BEC50C-7327-4662-B20A-42565BE7DB56}.Release|x86.ActiveCfg = Release|Win32
		{90BEC50C-7327-4662-B20A-42565BE7DB56}.Release|x86.Build.0 = Release|Win32
		{25F1422A-ED29-4718-89F8-0CE5A70F4B08}.Debug|x64.ActiveCfg = Debug|x64
		{25F1422A-ED29-4718-89F8-0CE5A70F4B08}.Debug|x64.Build.0 = Debug|x64
		{25F1422A-ED29-4718-89F8-0CE5A70F4B08}.Debug|x86.ActiveCfg = Debug|Win32
		{25F1422A-ED29-4718-89F8-0CE5A70F4B08}.Debug|x86.Build.0 = Debug|Win32
		{25F1422A-ED29-4718-89F8-0CE5A70F4B08}.Release|x64.ActiveCfg = Release|x64
		{25F1422A-ED29-4718-89F8-0CE5A70F4B08}.Release|x64.Build.0 = Release|x64
		{25F1422A-ED29-4718-89F8-0CE5A70F4B08}.Release|x86.ActiveCfg = Release|Win32
		{25F1422A-ED29-4718-89F8-0CE5A70F4B08}.Release|x86.Build.0 = Release|Win32
		{03FE979B-F994-490F-A28D-D365811C34DC}.Debug|x64.ActiveCfg = Debug|x64
		{03FE979B-F994-490F-A28D-D365811C34DC}.Debug|x64.Build.0 = Debug|x64
		{03FE979B-F994-490F-A28D-D365811C34DC}.Debug|x86.ActiveCfg = Debug|Win32
		{03FE979B-F994-490F-A28D-D365811C34DC}.Debug|x86.Build.0 = Debug|Win32
		{03FE979B-F994-490F-A28D-D365811C34DC}.Release|x64.ActiveCfg = Release|x64
		{03FE979B-F994-490F-A28D-D365811C34DC}.Release|x64.Build.0 = Release|x64
		{03FE979B-F994-490F-A28D-D365811C34DC}.Release|x86.ActiveCfg = Release|Win32
		{03FE979B-F994-490F-A28D-D365811C34DC}.Release|x86.Build.0 = Release|Win32
		{A874491C-BAE2-4D53-832B-AA0D0A76750E}.Debug|x64.ActiveCfg = Debug|x64
		{A874491C-BAE2-4D53-832B-AA0D0A76750E}.Debug|x64.Build.0 = Debug|x64
		{A874491C-BAE2-4D53-832B-AA0D0A76750E}.Debug|x86.ActiveCfg = Debug|Win32
		{A874491C-BAE2-4D53-832B-AA0D0A76750E}.Debug|x86.Build.0 = Debug|Win32
		{A874491C-BAE2-4D53-832B-AA0D0A76750E}.Release|x64.ActiveCfg = Release|x64
		{A874491C-BAE2-4D53-832B-AA0D0A76750E}.Release|x64.Build.0 = Release|x64
		{A874491C-BAE2-4D53-832B-AA0D0A76750E}.Release|x86.ActiveCfg = Release|Win32
		{A874491C-BAE2-4D53-832B-AA0D0A76750E}.Release|x86.Build.0 = Release|Win32
		{8955C1C2-10BC-4DD1-898C-21DD41D52FA9}.Debug|x64.ActiveCfg = Debug|x64
		{8955C1C2-10BC-4DD1-898C-21DD41D52FA9}.Debug|x64.Build.0 = Debug|x64
		{8955C1C2-10BC-4DD1-898C-21DD41D52FA9}.Debug|x86.ActiveCfg = Debug|Win32
		{8955C1C2-10BC-4DD1-898C-21DD41D52FA9}.Debug|x86.Build.0 = Debug|Win32
		{8955C1C2-10BC-4DD1-898C-21DD41D52FA9}.Release|x64.ActiveCfg = Release|x64
		{8955C1C2-10BC-4DD1-898C-21DD41D52FA9}.Release|x64.Build.0 = Release|x64
		{8955C1C2-10BC-4DD1-898C-21DD41D52FA9}.Release|x86.ActiveCfg = Release|Win32
		{8955C1C2-10BC-4DD1-898C-21DD41D52FA9}.Release|x86.Build.0 = Release|Win32
		{07CE6FC8-B7EF-42F6-8560-91E15DFD285E}.Debug|x64.ActiveCfg = Debug|x64
		{07CE6FC8-B7EF-42F6-8560-91E15DFD285E}.Debug|x64.Build.0 = Debug|x64
		{07CE6FC8-B7EF-42F6-8560-91E15DFD285E}.Debug|x86.ActiveCfg = Debug|Win32
		{07CE6FC8-B7EF-42F6-8560-91E15DFD285E}.Debug|x86.Build.0 = Debug|Win32
		{07CE6FC8-B7EF-42F6-8560-91E15DFD285E}.Release|x64.ActiveCfg = Release|x64
		{07CE6FC8-B7EF-42F6-8560-91E15DFD285E}.Release|x64.Build.0 = Release|x64
		{07CE6FC8-B7EF-42F6-8560-91E15DFD285E}.Release|x86.ActiveCfg = Release|Win32
		{07CE6FC8-B7EF-42F6-8560-91E15DFD285E}.Release|x86.Build.0 = Release|Win32
		{99125528-1423-478C-B881-CA92B1B53958}.Debug|x64.ActiveCfg = Debug|x64
		{99125528-1423-478C-B881-CA92B1B53958}.Debug|x64.Build.0 = Debug|x64
		{99125528-1423-478C-B881-CA92B1B53958}.Debug|x86.ActiveCfg = Debug|Win32
		{99125528-1423-478C-B881-CA92B1B53958}.Debug|x86.Build.0 = Debug|Win32
		{99125528-1423-478C-B881-CA92B1B53958}.Release|x64.ActiveCfg = Release|x64
		{99125528-1423-478C-B881-CA92B1B53958}.Release|x64.Build.0 = Release|x64
		{99125528-1423-478C-B881-CA92B1B53958}.Release|x86.ActiveCfg = Release|Win32
		{99125528-1423-478C-B881-CA92B1B53958}.Release|x86.Build.0 = Release|Win32
		{73FD1B83-8CEE-4BD9-8D51-6464B0BCF63D}.Debug|x64.ActiveCfg = Debug|x64
		{73FD1B83-8CEE-4BD9-8D51-6464B0BCF63D}.Debug|x64.Build.0 = Debug|x64
		{73FD1B83-8CEE-4BD9-8D51-6464B0BCF63D}.Debug|x86.ActiveCfg = Debug|Win32
		{73FD1B83-8CEE-4BD9-8D51-6464B0BCF63D}.Debug|x86.Build.0 = Debug|Win32
		{73FD1B83-8CEE-4BD9-8D51-6464B0BCF63D}.Release|x64.ActiveCfg = Release|x64
		{73FD1B83-8CEE-4BD9-8D51-6464B0BCF63D}.Release|x64.Build.0 = Release|x64
		{73FD1B83-8CEE-4BD9-8D51-6464B0BCF63D}.Release|x86.ActiveCfg = Release|Win32
		{73FD1B83-8CEE-4BD9-8D51-6464B0BCF63D}.Release|x86.Build.0 = Release|Win32
		{FD354ED4-298B-461D-8FE9-FB41A0602141}.Debug|x64.ActiveCfg = Debug|x64
		{FD354ED4-298B-461D-8FE9-FB41A0602141}.Debug|x64.Build.0 = Debug|x64
		{FD354ED4-298B-461D-8FE9-FB41A0602141}.Debug|x86.ActiveCfg = Debug|Win32
		{FD354ED4-298B-461D-8FE9-FB41A0602141}.Debug|x86.Build.0 = Debug|Win32
		{FD354ED4-298B-461D-8FE9-FB41A0602141}.Release|x64.ActiveCfg = Release|x64
		{FD354ED4-298B-461D-8FE9-FB41A0602141}.Release|x64.Build.0 = Release|x64
		{FD354ED4-298B-461D-8FE9-FB41A0602141}.Release|x86.ActiveCfg = Release|Win32
		{FD354ED4-298B-461D-8FE9-FB41A0602141}.Release|x86.Build.0 = Release|Win32
		{C7A5A580-53EF-4977-841E-5617C7563278}.Debug|x64.ActiveCfg = Debug|x64
		{C7A5A580-53EF-4977-841E-5617C7563278}.Debug|x64.Build.0 = Debug|x64
		{C7A5A580-53EF-4977-841E-5617C7563278}.Debug|x86.ActiveCfg = Debug|Win32
		{C7A5A580-53EF-4977-841E-5617C7563278}.Debug|x86.Build.0 = Debug|Win32
		{C7A5A580-53EF-4977-841E-5617C7563278}.Release|x64.ActiveCfg = Release|x64
		{C7A5A580-53EF-4977-841E-5617C7563278}.Release|x64.Build.0 = Release|x64
		{C7A5A580-53EF-4977-841E-5617C7563278}.Release|x86.ActiveCfg = Release|Win32
		{C7A5A580-53EF-4977-841E-5617C7563278}.Release|x86.Build.0 = Release|Win32
		{ECD6F350-D8F7-40DA-AEED-8961A2C8287F}.Debug|x64.ActiveCfg = Debug|x64
		{ECD6F350-D8F7-40DA-AEED-8961A2C8287F}.Debug|x64.Build.0 = Debug|x64
		{ECD6F350-D8F7-40DA-AEED-8961A2C8287F}.Debug|x86.ActiveCfg = Debug|Win32
		{ECD6F350-D8F7-40DA-AEED-8961A2C8287F}.Debug|x86.Build.0 = Debug|Win32
		{ECD6F350-D8F7-40DA-AEED-8961A2C8287F}.Release|x64.ActiveCfg = Release|x64
		{ECD6F350-D8F7-40DA-AEED-8961A2C8287F}.Release|x64.Build.0 = Release|x64
		{ECD6F350-D8F7-40DA-AEED-8961A2C8287F}.Release|x86.ActiveCfg = Release|Win32
		{ECD6F350-D8F7-40DA-AEED-8961A2C8287F}.Release|x86.Build.0 = Release|Win32
		{5BB0E3A9-A19F-4344-8F85-EF12113AB49F}.Debug|x64.ActiveCfg = Debug|x64
		{5BB0E3A9-A19F-4344-8F85-EF12113AB49F}.Debug|x64.Build.0 = Debug|x64
		{5BB0E3A9-A19F-4344-8F85-EF12113AB49F}.Debug|x86.ActiveCfg = Debug|Win32
		{5BB0E3A9-A19F-4344-8F85-EF12113AB49F}.Debug|x86.Build.0 = Debug|Win32
		{5BB0E3A9-A19F-4344-8F85-EF12113AB49F}.Release|x64.ActiveCfg = Release|x64
		{5BB0E3A9-A19F-4344-8F85-EF12113AB49F}.Release|x64.Build.0 = Release|x64
		{5BB0E3A9-A19F-4344-8F85-EF12113AB49F}.Release|x86.ActiveCfg = Release|Win32
		{5BB0E3A9-A19F-4344-8F85-EF12113AB49F}.Release|x86.Build.0 = Release|Win32
	EndGlobalSection
	GlobalSection(SolutionProperties) = preSolution
		HideSolutionNode = FALSE
	EndGlobalSection
	GlobalSection(ExtensibilityGlobals) = postSolution
		SolutionGuid = {2FCC1BFB-76B3-4C84-A338-B49A69AFE651}
	EndGlobalSection
EndGlobal
